// !$*UTF8*$!
{
	archiveVersion = 1;
	classes = {
	};
	objectVersion = 56;
	objects = {

/* Begin PBXBuildFile section */
		A8050EE72A221CA0000E0E10 /* LoginManger.swift in Sources */ = {isa = PBXBuildFile; fileRef = A8050EE62A221CA0000E0E10 /* LoginManger.swift */; };
		A8050EEA2A23220C000E0E10 /* EditMemoPickerView.swift in Sources */ = {isa = PBXBuildFile; fileRef = A8050EE92A23220C000E0E10 /* EditMemoPickerView.swift */; };
		A80A481B29EBC31B00F3F186 /* CalenderModel.swift in Sources */ = {isa = PBXBuildFile; fileRef = A80A481A29EBC31B00F3F186 /* CalenderModel.swift */; };
		A80A484329F3AEDE00F3F186 /* DateFilterView.swift in Sources */ = {isa = PBXBuildFile; fileRef = A80A484229F3AEDE00F3F186 /* DateFilterView.swift */; };
		A80A484529F3B8FC00F3F186 /* CircleDateView.swift in Sources */ = {isa = PBXBuildFile; fileRef = A80A484429F3B8FC00F3F186 /* CircleDateView.swift */; };
		A80B452428FA50DE00343BB4 /* ReadViewSize.swift in Sources */ = {isa = PBXBuildFile; fileRef = A80B452328FA50DE00343BB4 /* ReadViewSize.swift */; };
		A80B452828FA5A8D00343BB4 /* ClimbingLocationView.swift in Sources */ = {isa = PBXBuildFile; fileRef = A80B452728FA5A8D00343BB4 /* ClimbingLocationView.swift */; };
		A80B452A28FA70A200343BB4 /* Level.swift in Sources */ = {isa = PBXBuildFile; fileRef = A80B452928FA70A200343BB4 /* Level.swift */; };
		A817166629038013005B1268 /* ClimbingScore.swift in Sources */ = {isa = PBXBuildFile; fileRef = A817166529038013005B1268 /* ClimbingScore.swift */; };
		A817166C290386AE005B1268 /* AddPhotoView.swift in Sources */ = {isa = PBXBuildFile; fileRef = A817166B290386AE005B1268 /* AddPhotoView.swift */; };
		A83132222A03BC160087A82C /* RefactorCalenderView.swift in Sources */ = {isa = PBXBuildFile; fileRef = A83132212A03BC160087A82C /* RefactorCalenderView.swift */; };
		A83132242A070B370087A82C /* NewMemoView.swift in Sources */ = {isa = PBXBuildFile; fileRef = A83132232A070B370087A82C /* NewMemoView.swift */; };
		A8335B69292F7BFA0006899D /* AppleLoginView.swift in Sources */ = {isa = PBXBuildFile; fileRef = A8335B68292F7BFA0006899D /* AppleLoginView.swift */; };
		A8401E9C294218D700AD9DA0 /* DiaryListViewGridItem.swift in Sources */ = {isa = PBXBuildFile; fileRef = A8401E9B294218D700AD9DA0 /* DiaryListViewGridItem.swift */; };
		A859A62E28EC3E1500F217F3 /* Ohcle_App.swift in Sources */ = {isa = PBXBuildFile; fileRef = A859A62D28EC3E1500F217F3 /* Ohcle_App.swift */; };
		A859A63228EC3E1600F217F3 /* Assets.xcassets in Resources */ = {isa = PBXBuildFile; fileRef = A859A63128EC3E1600F217F3 /* Assets.xcassets */; };
		A859A63528EC3E1600F217F3 /* Preview Assets.xcassets in Resources */ = {isa = PBXBuildFile; fileRef = A859A63428EC3E1600F217F3 /* Preview Assets.xcassets */; };
		A859A63C28EC3E4300F217F3 /* KakaoLoginView.swift in Sources */ = {isa = PBXBuildFile; fileRef = A859A63B28EC3E4300F217F3 /* KakaoLoginView.swift */; };
		A859A63E28EC3E6500F217F3 /* MainView.swift in Sources */ = {isa = PBXBuildFile; fileRef = A859A63D28EC3E6500F217F3 /* MainView.swift */; };
		A859A64028EC3E7A00F217F3 /* LoginView.swift in Sources */ = {isa = PBXBuildFile; fileRef = A859A63F28EC3E7A00F217F3 /* LoginView.swift */; };
		A859A64328EC3EB300F217F3 /* KakaoSDKAuth in Frameworks */ = {isa = PBXBuildFile; productRef = A859A64228EC3EB300F217F3 /* KakaoSDKAuth */; };
		A859A64528EC3EB300F217F3 /* KakaoSDKCommon in Frameworks */ = {isa = PBXBuildFile; productRef = A859A64428EC3EB300F217F3 /* KakaoSDKCommon */; };
		A859A64728EC3EB300F217F3 /* KakaoSDKUser in Frameworks */ = {isa = PBXBuildFile; productRef = A859A64628EC3EB300F217F3 /* KakaoSDKUser */; };
		A866B509293CC5C5001E182F /* KakaoLoginResultModel.swift in Sources */ = {isa = PBXBuildFile; fileRef = A866B508293CC5C5001E182F /* KakaoLoginResultModel.swift */; };
		A86A596828F2A1F100C500E1 /* Calender.swift in Sources */ = {isa = PBXBuildFile; fileRef = A86A596728F2A1F100C500E1 /* Calender.swift */; };
		A875B24A297E5B5A00704688 /* CurrentDate.swift in Sources */ = {isa = PBXBuildFile; fileRef = A875B249297E5B5A00704688 /* CurrentDate.swift */; };
		A875B24C297E779700704688 /* CalenderHolderGridView.swift in Sources */ = {isa = PBXBuildFile; fileRef = A875B24B297E779700704688 /* CalenderHolderGridView.swift */; };
		A8795FF4298DE97E00A92AA8 /* UserTokenManager.swift in Sources */ = {isa = PBXBuildFile; fileRef = A8795FF3298DE97E00A92AA8 /* UserTokenManager.swift */; };
		A887D60129A20D9800C0A75D /* Networking.swift in Sources */ = {isa = PBXBuildFile; fileRef = A887D60029A20D9800C0A75D /* Networking.swift */; };
		A88BA061290D49C5000F87A8 /* MemoView.swift in Sources */ = {isa = PBXBuildFile; fileRef = A88BA060290D49C5000F87A8 /* MemoView.swift */; };
		A89E181E29A389A900F27045 /* NextButton.swift in Sources */ = {isa = PBXBuildFile; fileRef = A89E181D29A389A900F27045 /* NextButton.swift */; };
		A89EF9B4294A1A390018BDFD /* Debouncer.swift in Sources */ = {isa = PBXBuildFile; fileRef = A89EF9B3294A1A390018BDFD /* Debouncer.swift */; };
		A8A2C2CE29AF131D005C1B13 /* ClimbingPhotoPicker.swift in Sources */ = {isa = PBXBuildFile; fileRef = A8A2C2CD29AF131D005C1B13 /* ClimbingPhotoPicker.swift */; };
		A8A812ED29A73EE900E7C6A2 /* DataController.swift in Sources */ = {isa = PBXBuildFile; fileRef = A8A812EC29A73EE900E7C6A2 /* DataController.swift */; };
		A8AB86BC29E2821700F5410F /* SplashView.swift in Sources */ = {isa = PBXBuildFile; fileRef = A8AB86BB29E2821700F5410F /* SplashView.swift */; };
		A8C0D69429FE459C00DEB477 /* ExternalLinks.swift in Sources */ = {isa = PBXBuildFile; fileRef = A8C0D69329FE459C00DEB477 /* ExternalLinks.swift */; };
		A8C0D69629FE475E00DEB477 /* Refactor_Networking.swift in Sources */ = {isa = PBXBuildFile; fileRef = A8C0D69529FE475E00DEB477 /* Refactor_Networking.swift */; };
		A8CBB2E4291F6BE40013A74F /* DiaryList.swift in Sources */ = {isa = PBXBuildFile; fileRef = A8CBB2E3291F6BE40013A74F /* DiaryList.swift */; };
		A8CBB2E8291F74700013A74F /* AddNewDiary.swift in Sources */ = {isa = PBXBuildFile; fileRef = A8CBB2E7291F74700013A74F /* AddNewDiary.swift */; };
		A8CBB2EA291F74F40013A74F /* DiaryHeader.swift in Sources */ = {isa = PBXBuildFile; fileRef = A8CBB2E9291F74F40013A74F /* DiaryHeader.swift */; };
		A8CBB2EF291F89A00013A74F /* MyPageView.swift in Sources */ = {isa = PBXBuildFile; fileRef = A8CBB2EE291F89A00013A74F /* MyPageView.swift */; };
		A8CBB2F1291F96570013A74F /* MyPageUserInfoView.swift in Sources */ = {isa = PBXBuildFile; fileRef = A8CBB2F0291F96570013A74F /* MyPageUserInfoView.swift */; };
		A8CBB2F3291F973E0013A74F /* MemoButton.swift in Sources */ = {isa = PBXBuildFile; fileRef = A8CBB2F2291F973E0013A74F /* MemoButton.swift */; };
		A8D1BEE52A0772CE00A43FF0 /* URLs.swift in Sources */ = {isa = PBXBuildFile; fileRef = A8D1BEE42A0772CE00A43FF0 /* URLs.swift */; };
		FE8E947329FD22B3008764DC /* CalendarDataManager.swift in Sources */ = {isa = PBXBuildFile; fileRef = FE8E947229FD22B3008764DC /* CalendarDataManager.swift */; };
		FE918F9E29F451A600484731 /* map_pinup_custom@3x.png in Resources */ = {isa = PBXBuildFile; fileRef = FE918F7929F451A600484731 /* map_pinup_custom@3x.png */; };
		FE918F9F29F451A600484731 /* map_pin_custom.png in Resources */ = {isa = PBXBuildFile; fileRef = FE918F7A29F451A600484731 /* map_pin_custom.png */; };
		FE918FA029F451A600484731 /* shadow_balloon.png in Resources */ = {isa = PBXBuildFile; fileRef = FE918F7B29F451A600484731 /* shadow_balloon.png */; };
		FE918FA129F451A600484731 /* map_pinup.png in Resources */ = {isa = PBXBuildFile; fileRef = FE918F7C29F451A600484731 /* map_pinup.png */; };
		FE918FA229F451A600484731 /* detail_button.png in Resources */ = {isa = PBXBuildFile; fileRef = FE918F7D29F451A600484731 /* detail_button.png */; };
		FE918FA329F451A600484731 /* map_pin_custom@3x.png in Resources */ = {isa = PBXBuildFile; fileRef = FE918F7E29F451A600484731 /* map_pin_custom@3x.png */; };
		FE918FA429F451A600484731 /* map_pinup@3x.png in Resources */ = {isa = PBXBuildFile; fileRef = FE918F7F29F451A600484731 /* map_pinup@3x.png */; };
		FE918FA529F451A600484731 /* map_pin_shadow@3x.png in Resources */ = {isa = PBXBuildFile; fileRef = FE918F8029F451A600484731 /* map_pin_shadow@3x.png */; };
		FE918FA629F451A600484731 /* copyright.png in Resources */ = {isa = PBXBuildFile; fileRef = FE918F8129F451A600484731 /* copyright.png */; };
		FE918FA729F451A600484731 /* th_line.png in Resources */ = {isa = PBXBuildFile; fileRef = FE918F8229F451A600484731 /* th_line.png */; };
		FE918FA829F451A600484731 /* map_pin_red@3x.png in Resources */ = {isa = PBXBuildFile; fileRef = FE918F8329F451A600484731 /* map_pin_red@3x.png */; };
		FE918FA929F451A600484731 /* daum_copyright.png in Resources */ = {isa = PBXBuildFile; fileRef = FE918F8429F451A600484731 /* daum_copyright.png */; };
		FE918FAA29F451A600484731 /* map_pin@3x.png in Resources */ = {isa = PBXBuildFile; fileRef = FE918F8529F451A600484731 /* map_pin@3x.png */; };
		FE918FAB29F451A600484731 /* map_present_tracking.png in Resources */ = {isa = PBXBuildFile; fileRef = FE918F8629F451A600484731 /* map_present_tracking.png */; };
		FE918FAC29F451A600484731 /* map_pin_red.png in Resources */ = {isa = PBXBuildFile; fileRef = FE918F8729F451A600484731 /* map_pin_red.png */; };
		FE918FAD29F451A600484731 /* info_box.png in Resources */ = {isa = PBXBuildFile; fileRef = FE918F9129F451A600484731 /* info_box.png */; };
		FE918FAE29F451A600484731 /* point_sprite.png in Resources */ = {isa = PBXBuildFile; fileRef = FE918F9229F451A600484731 /* point_sprite.png */; };
		FE918FAF29F451A600484731 /* map_pinup_custom.png in Resources */ = {isa = PBXBuildFile; fileRef = FE918F9329F451A600484731 /* map_pinup_custom.png */; };
		FE918FB029F451A600484731 /* info_box_tail.png in Resources */ = {isa = PBXBuildFile; fileRef = FE918F9429F451A600484731 /* info_box_tail.png */; };
		FE918FB129F451A600484731 /* noimage256.png in Resources */ = {isa = PBXBuildFile; fileRef = FE918F9529F451A600484731 /* noimage256.png */; };
		FE918FB229F451A600484731 /* map_present_direction.png in Resources */ = {isa = PBXBuildFile; fileRef = FE918F9629F451A600484731 /* map_present_direction.png */; };
		FE918FB329F451A600484731 /* map_pin.png in Resources */ = {isa = PBXBuildFile; fileRef = FE918F9729F451A600484731 /* map_pin.png */; };
		FE918FB429F451A600484731 /* map_present.png in Resources */ = {isa = PBXBuildFile; fileRef = FE918F9829F451A600484731 /* map_present.png */; };
		FE918FB529F451A600484731 /* noimage.png in Resources */ = {isa = PBXBuildFile; fileRef = FE918F9929F451A600484731 /* noimage.png */; };
		FE918FB629F451A600484731 /* map_present_background_update.png in Resources */ = {isa = PBXBuildFile; fileRef = FE918F9A29F451A600484731 /* map_present_background_update.png */; };
		FE918FB729F451A600484731 /* daum_th_line.png in Resources */ = {isa = PBXBuildFile; fileRef = FE918F9B29F451A600484731 /* daum_th_line.png */; };
		FE918FB829F451A600484731 /* map_pin_shadow.png in Resources */ = {isa = PBXBuildFile; fileRef = FE918F9C29F451A600484731 /* map_pin_shadow.png */; };
		FE918FBC29F451CB00484731 /* CoreLocation.framework in Frameworks */ = {isa = PBXBuildFile; fileRef = FE918FBB29F451CB00484731 /* CoreLocation.framework */; };
		FE918FBE29F451D400484731 /* libsqlite3.tbd in Frameworks */ = {isa = PBXBuildFile; fileRef = FE918FBD29F451D400484731 /* libsqlite3.tbd */; };
		FE918FC029F451E000484731 /* libxml2.tbd in Frameworks */ = {isa = PBXBuildFile; fileRef = FE918FBF29F451E000484731 /* libxml2.tbd */; };
		FE918FC229F451EB00484731 /* libc++.tbd in Frameworks */ = {isa = PBXBuildFile; fileRef = FE918FC129F451EB00484731 /* libc++.tbd */; };
		FE918FC429F451F400484731 /* QuartzCore.framework in Frameworks */ = {isa = PBXBuildFile; fileRef = FE918FC329F451F400484731 /* QuartzCore.framework */; };
		FE918FC629F451FD00484731 /* SystemConfiguration.framework in Frameworks */ = {isa = PBXBuildFile; fileRef = FE918FC529F451FD00484731 /* SystemConfiguration.framework */; };
		FE918FC829F4520500484731 /* OpenGLES.framework in Frameworks */ = {isa = PBXBuildFile; fileRef = FE918FC729F4520400484731 /* OpenGLES.framework */; };
		FEB9423D29D5F45300AE3D1F /* OnBoardingView.swift in Sources */ = {isa = PBXBuildFile; fileRef = FEBCE2A629D45E0900677FBF /* OnBoardingView.swift */; };
		FEB9B67C2A19B08900DCCE5A /* ClimbingLocationSearch.swift in Sources */ = {isa = PBXBuildFile; fileRef = FEB9B67B2A19B08900DCCE5A /* ClimbingLocationSearch.swift */; };
		FED3211529D02C3A00115539 /* ScoreStar.swift in Sources */ = {isa = PBXBuildFile; fileRef = FED3211429D02C3A00115539 /* ScoreStar.swift */; };
/* End PBXBuildFile section */

/* Begin PBXFileReference section */
		A8050EE62A221CA0000E0E10 /* LoginManger.swift */ = {isa = PBXFileReference; lastKnownFileType = sourcecode.swift; path = LoginManger.swift; sourceTree = "<group>"; };
		A8050EE92A23220C000E0E10 /* EditMemoPickerView.swift */ = {isa = PBXFileReference; lastKnownFileType = sourcecode.swift; path = EditMemoPickerView.swift; sourceTree = "<group>"; };
		A80A481A29EBC31B00F3F186 /* CalenderModel.swift */ = {isa = PBXFileReference; lastKnownFileType = sourcecode.swift; path = CalenderModel.swift; sourceTree = "<group>"; };
		A80A484229F3AEDE00F3F186 /* DateFilterView.swift */ = {isa = PBXFileReference; lastKnownFileType = sourcecode.swift; path = DateFilterView.swift; sourceTree = "<group>"; };
		A80A484429F3B8FC00F3F186 /* CircleDateView.swift */ = {isa = PBXFileReference; lastKnownFileType = sourcecode.swift; path = CircleDateView.swift; sourceTree = "<group>"; };
		A80B452328FA50DE00343BB4 /* ReadViewSize.swift */ = {isa = PBXFileReference; lastKnownFileType = sourcecode.swift; path = ReadViewSize.swift; sourceTree = "<group>"; };
		A80B452728FA5A8D00343BB4 /* ClimbingLocationView.swift */ = {isa = PBXFileReference; lastKnownFileType = sourcecode.swift; path = ClimbingLocationView.swift; sourceTree = "<group>"; };
		A80B452928FA70A200343BB4 /* Level.swift */ = {isa = PBXFileReference; lastKnownFileType = sourcecode.swift; path = Level.swift; sourceTree = "<group>"; };
		A817166529038013005B1268 /* ClimbingScore.swift */ = {isa = PBXFileReference; lastKnownFileType = sourcecode.swift; path = ClimbingScore.swift; sourceTree = "<group>"; };
		A817166B290386AE005B1268 /* AddPhotoView.swift */ = {isa = PBXFileReference; lastKnownFileType = sourcecode.swift; path = AddPhotoView.swift; sourceTree = "<group>"; };
		A83132212A03BC160087A82C /* RefactorCalenderView.swift */ = {isa = PBXFileReference; lastKnownFileType = sourcecode.swift; path = RefactorCalenderView.swift; sourceTree = "<group>"; };
		A83132232A070B370087A82C /* NewMemoView.swift */ = {isa = PBXFileReference; lastKnownFileType = sourcecode.swift; path = NewMemoView.swift; sourceTree = "<group>"; };
		A8335B68292F7BFA0006899D /* AppleLoginView.swift */ = {isa = PBXFileReference; lastKnownFileType = sourcecode.swift; path = AppleLoginView.swift; sourceTree = "<group>"; };
		A8401E9B294218D700AD9DA0 /* DiaryListViewGridItem.swift */ = {isa = PBXFileReference; lastKnownFileType = sourcecode.swift; path = DiaryListViewGridItem.swift; sourceTree = "<group>"; };
		A859A62A28EC3E1500F217F3 /* Ohcle_.app */ = {isa = PBXFileReference; explicitFileType = wrapper.application; includeInIndex = 0; path = Ohcle_.app; sourceTree = BUILT_PRODUCTS_DIR; };
		A859A62D28EC3E1500F217F3 /* Ohcle_App.swift */ = {isa = PBXFileReference; lastKnownFileType = sourcecode.swift; path = Ohcle_App.swift; sourceTree = "<group>"; };
		A859A63128EC3E1600F217F3 /* Assets.xcassets */ = {isa = PBXFileReference; lastKnownFileType = folder.assetcatalog; path = Assets.xcassets; sourceTree = "<group>"; };
		A859A63428EC3E1600F217F3 /* Preview Assets.xcassets */ = {isa = PBXFileReference; lastKnownFileType = folder.assetcatalog; path = "Preview Assets.xcassets"; sourceTree = "<group>"; };
		A859A63B28EC3E4300F217F3 /* KakaoLoginView.swift */ = {isa = PBXFileReference; lastKnownFileType = sourcecode.swift; path = KakaoLoginView.swift; sourceTree = "<group>"; };
		A859A63D28EC3E6500F217F3 /* MainView.swift */ = {isa = PBXFileReference; lastKnownFileType = sourcecode.swift; path = MainView.swift; sourceTree = "<group>"; };
		A859A63F28EC3E7A00F217F3 /* LoginView.swift */ = {isa = PBXFileReference; lastKnownFileType = sourcecode.swift; path = LoginView.swift; sourceTree = "<group>"; };
		A859A64B28EC457700F217F3 /* Ohcle_.entitlements */ = {isa = PBXFileReference; lastKnownFileType = text.plist.entitlements; path = Ohcle_.entitlements; sourceTree = "<group>"; };
		A866B508293CC5C5001E182F /* KakaoLoginResultModel.swift */ = {isa = PBXFileReference; lastKnownFileType = sourcecode.swift; path = KakaoLoginResultModel.swift; sourceTree = "<group>"; };
		A86A596728F2A1F100C500E1 /* Calender.swift */ = {isa = PBXFileReference; lastKnownFileType = sourcecode.swift; path = Calender.swift; sourceTree = "<group>"; };
		A875B249297E5B5A00704688 /* CurrentDate.swift */ = {isa = PBXFileReference; lastKnownFileType = sourcecode.swift; path = CurrentDate.swift; sourceTree = "<group>"; };
		A875B24B297E779700704688 /* CalenderHolderGridView.swift */ = {isa = PBXFileReference; lastKnownFileType = sourcecode.swift; name = CalenderHolderGridView.swift; path = Ohcle_/MainView/CalenderHolderGridView.swift; sourceTree = SOURCE_ROOT; };
		A8795FF3298DE97E00A92AA8 /* UserTokenManager.swift */ = {isa = PBXFileReference; lastKnownFileType = sourcecode.swift; path = UserTokenManager.swift; sourceTree = "<group>"; };
		A887D60029A20D9800C0A75D /* Networking.swift */ = {isa = PBXFileReference; lastKnownFileType = sourcecode.swift; path = Networking.swift; sourceTree = "<group>"; };
		A88BA060290D49C5000F87A8 /* MemoView.swift */ = {isa = PBXFileReference; lastKnownFileType = sourcecode.swift; path = MemoView.swift; sourceTree = "<group>"; };
		A89E181D29A389A900F27045 /* NextButton.swift */ = {isa = PBXFileReference; fileEncoding = 4; lastKnownFileType = sourcecode.swift; path = NextButton.swift; sourceTree = "<group>"; };
		A89EF9B3294A1A390018BDFD /* Debouncer.swift */ = {isa = PBXFileReference; lastKnownFileType = sourcecode.swift; path = Debouncer.swift; sourceTree = "<group>"; };
		A8A2C2CD29AF131D005C1B13 /* ClimbingPhotoPicker.swift */ = {isa = PBXFileReference; lastKnownFileType = sourcecode.swift; path = ClimbingPhotoPicker.swift; sourceTree = "<group>"; };
		A8A812EC29A73EE900E7C6A2 /* DataController.swift */ = {isa = PBXFileReference; lastKnownFileType = sourcecode.swift; path = DataController.swift; sourceTree = "<group>"; };
		A8AB86BB29E2821700F5410F /* SplashView.swift */ = {isa = PBXFileReference; lastKnownFileType = sourcecode.swift; path = SplashView.swift; sourceTree = "<group>"; };
		A8C0D69229FCFC9500DEB477 /* Ohcle--Info.plist */ = {isa = PBXFileReference; lastKnownFileType = text.plist; path = "Ohcle--Info.plist"; sourceTree = SOURCE_ROOT; };
		A8C0D69329FE459C00DEB477 /* ExternalLinks.swift */ = {isa = PBXFileReference; lastKnownFileType = sourcecode.swift; path = ExternalLinks.swift; sourceTree = "<group>"; };
		A8C0D69529FE475E00DEB477 /* Refactor_Networking.swift */ = {isa = PBXFileReference; lastKnownFileType = sourcecode.swift; path = Refactor_Networking.swift; sourceTree = "<group>"; };
		A8CBB2E3291F6BE40013A74F /* DiaryList.swift */ = {isa = PBXFileReference; lastKnownFileType = sourcecode.swift; path = DiaryList.swift; sourceTree = "<group>"; };
		A8CBB2E7291F74700013A74F /* AddNewDiary.swift */ = {isa = PBXFileReference; lastKnownFileType = sourcecode.swift; path = AddNewDiary.swift; sourceTree = "<group>"; };
		A8CBB2E9291F74F40013A74F /* DiaryHeader.swift */ = {isa = PBXFileReference; lastKnownFileType = sourcecode.swift; path = DiaryHeader.swift; sourceTree = "<group>"; };
		A8CBB2EE291F89A00013A74F /* MyPageView.swift */ = {isa = PBXFileReference; lastKnownFileType = sourcecode.swift; path = MyPageView.swift; sourceTree = "<group>"; };
		A8CBB2F0291F96570013A74F /* MyPageUserInfoView.swift */ = {isa = PBXFileReference; lastKnownFileType = sourcecode.swift; path = MyPageUserInfoView.swift; sourceTree = "<group>"; };
		A8CBB2F2291F973E0013A74F /* MemoButton.swift */ = {isa = PBXFileReference; lastKnownFileType = sourcecode.swift; path = MemoButton.swift; sourceTree = "<group>"; };
		A8D1BEE42A0772CE00A43FF0 /* URLs.swift */ = {isa = PBXFileReference; lastKnownFileType = sourcecode.swift; path = URLs.swift; sourceTree = "<group>"; };
		FE8E947229FD22B3008764DC /* CalendarDataManager.swift */ = {isa = PBXFileReference; lastKnownFileType = sourcecode.swift; path = CalendarDataManager.swift; sourceTree = "<group>"; };
		FE918F7929F451A600484731 /* map_pinup_custom@3x.png */ = {isa = PBXFileReference; lastKnownFileType = image.png; path = "map_pinup_custom@3x.png"; sourceTree = "<group>"; };
		FE918F7A29F451A600484731 /* map_pin_custom.png */ = {isa = PBXFileReference; lastKnownFileType = image.png; path = map_pin_custom.png; sourceTree = "<group>"; };
		FE918F7B29F451A600484731 /* shadow_balloon.png */ = {isa = PBXFileReference; lastKnownFileType = image.png; path = shadow_balloon.png; sourceTree = "<group>"; };
		FE918F7C29F451A600484731 /* map_pinup.png */ = {isa = PBXFileReference; lastKnownFileType = image.png; path = map_pinup.png; sourceTree = "<group>"; };
		FE918F7D29F451A600484731 /* detail_button.png */ = {isa = PBXFileReference; lastKnownFileType = image.png; path = detail_button.png; sourceTree = "<group>"; };
		FE918F7E29F451A600484731 /* map_pin_custom@3x.png */ = {isa = PBXFileReference; lastKnownFileType = image.png; path = "map_pin_custom@3x.png"; sourceTree = "<group>"; };
		FE918F7F29F451A600484731 /* map_pinup@3x.png */ = {isa = PBXFileReference; lastKnownFileType = image.png; path = "map_pinup@3x.png"; sourceTree = "<group>"; };
		FE918F8029F451A600484731 /* map_pin_shadow@3x.png */ = {isa = PBXFileReference; lastKnownFileType = image.png; path = "map_pin_shadow@3x.png"; sourceTree = "<group>"; };
		FE918F8129F451A600484731 /* copyright.png */ = {isa = PBXFileReference; lastKnownFileType = image.png; path = copyright.png; sourceTree = "<group>"; };
		FE918F8229F451A600484731 /* th_line.png */ = {isa = PBXFileReference; lastKnownFileType = image.png; path = th_line.png; sourceTree = "<group>"; };
		FE918F8329F451A600484731 /* map_pin_red@3x.png */ = {isa = PBXFileReference; lastKnownFileType = image.png; path = "map_pin_red@3x.png"; sourceTree = "<group>"; };
		FE918F8429F451A600484731 /* daum_copyright.png */ = {isa = PBXFileReference; lastKnownFileType = image.png; path = daum_copyright.png; sourceTree = "<group>"; };
		FE918F8529F451A600484731 /* map_pin@3x.png */ = {isa = PBXFileReference; lastKnownFileType = image.png; path = "map_pin@3x.png"; sourceTree = "<group>"; };
		FE918F8629F451A600484731 /* map_present_tracking.png */ = {isa = PBXFileReference; lastKnownFileType = image.png; path = map_present_tracking.png; sourceTree = "<group>"; };
		FE918F8729F451A600484731 /* map_pin_red.png */ = {isa = PBXFileReference; lastKnownFileType = image.png; path = map_pin_red.png; sourceTree = "<group>"; };
		FE918F8929F451A600484731 /* MTMapPOIItem.h */ = {isa = PBXFileReference; fileEncoding = 4; lastKnownFileType = sourcecode.c.h; path = MTMapPOIItem.h; sourceTree = "<group>"; };
		FE918F8A29F451A600484731 /* MTMapCameraUpdate.h */ = {isa = PBXFileReference; fileEncoding = 4; lastKnownFileType = sourcecode.c.h; path = MTMapCameraUpdate.h; sourceTree = "<group>"; };
		FE918F8B29F451A600484731 /* MTMapReverseGeoCoder.h */ = {isa = PBXFileReference; fileEncoding = 4; lastKnownFileType = sourcecode.c.h; path = MTMapReverseGeoCoder.h; sourceTree = "<group>"; };
		FE918F8C29F451A600484731 /* MTMapPolyline.h */ = {isa = PBXFileReference; fileEncoding = 4; lastKnownFileType = sourcecode.c.h; path = MTMapPolyline.h; sourceTree = "<group>"; };
		FE918F8D29F451A600484731 /* MTMapLocationMarkerItem.h */ = {isa = PBXFileReference; fileEncoding = 4; lastKnownFileType = sourcecode.c.h; path = MTMapLocationMarkerItem.h; sourceTree = "<group>"; };
		FE918F8E29F451A600484731 /* MTMapView.h */ = {isa = PBXFileReference; fileEncoding = 4; lastKnownFileType = sourcecode.c.h; path = MTMapView.h; sourceTree = "<group>"; };
		FE918F8F29F451A600484731 /* MTMapGeometry.h */ = {isa = PBXFileReference; fileEncoding = 4; lastKnownFileType = sourcecode.c.h; path = MTMapGeometry.h; sourceTree = "<group>"; };
		FE918F9029F451A600484731 /* MTMapCircle.h */ = {isa = PBXFileReference; fileEncoding = 4; lastKnownFileType = sourcecode.c.h; path = MTMapCircle.h; sourceTree = "<group>"; };
		FE918F9129F451A600484731 /* info_box.png */ = {isa = PBXFileReference; lastKnownFileType = image.png; path = info_box.png; sourceTree = "<group>"; };
		FE918F9229F451A600484731 /* point_sprite.png */ = {isa = PBXFileReference; lastKnownFileType = image.png; path = point_sprite.png; sourceTree = "<group>"; };
		FE918F9329F451A600484731 /* map_pinup_custom.png */ = {isa = PBXFileReference; lastKnownFileType = image.png; path = map_pinup_custom.png; sourceTree = "<group>"; };
		FE918F9429F451A600484731 /* info_box_tail.png */ = {isa = PBXFileReference; lastKnownFileType = image.png; path = info_box_tail.png; sourceTree = "<group>"; };
		FE918F9529F451A600484731 /* noimage256.png */ = {isa = PBXFileReference; lastKnownFileType = image.png; path = noimage256.png; sourceTree = "<group>"; };
		FE918F9629F451A600484731 /* map_present_direction.png */ = {isa = PBXFileReference; lastKnownFileType = image.png; path = map_present_direction.png; sourceTree = "<group>"; };
		FE918F9729F451A600484731 /* map_pin.png */ = {isa = PBXFileReference; lastKnownFileType = image.png; path = map_pin.png; sourceTree = "<group>"; };
		FE918F9829F451A600484731 /* map_present.png */ = {isa = PBXFileReference; lastKnownFileType = image.png; path = map_present.png; sourceTree = "<group>"; };
		FE918F9929F451A600484731 /* noimage.png */ = {isa = PBXFileReference; lastKnownFileType = image.png; path = noimage.png; sourceTree = "<group>"; };
		FE918F9A29F451A600484731 /* map_present_background_update.png */ = {isa = PBXFileReference; lastKnownFileType = image.png; path = map_present_background_update.png; sourceTree = "<group>"; };
		FE918F9B29F451A600484731 /* daum_th_line.png */ = {isa = PBXFileReference; lastKnownFileType = image.png; path = daum_th_line.png; sourceTree = "<group>"; };
		FE918F9C29F451A600484731 /* map_pin_shadow.png */ = {isa = PBXFileReference; lastKnownFileType = image.png; path = map_pin_shadow.png; sourceTree = "<group>"; };
		FE918F9D29F451A600484731 /* DaumMap.framework */ = {isa = PBXFileReference; lastKnownFileType = wrapper.framework; path = DaumMap.framework; sourceTree = "<group>"; };
		FE918FBB29F451CB00484731 /* CoreLocation.framework */ = {isa = PBXFileReference; lastKnownFileType = wrapper.framework; name = CoreLocation.framework; path = System/Library/Frameworks/CoreLocation.framework; sourceTree = SDKROOT; };
		FE918FBD29F451D400484731 /* libsqlite3.tbd */ = {isa = PBXFileReference; lastKnownFileType = "sourcecode.text-based-dylib-definition"; name = libsqlite3.tbd; path = usr/lib/libsqlite3.tbd; sourceTree = SDKROOT; };
		FE918FBF29F451E000484731 /* libxml2.tbd */ = {isa = PBXFileReference; lastKnownFileType = "sourcecode.text-based-dylib-definition"; name = libxml2.tbd; path = usr/lib/libxml2.tbd; sourceTree = SDKROOT; };
		FE918FC129F451EB00484731 /* libc++.tbd */ = {isa = PBXFileReference; lastKnownFileType = "sourcecode.text-based-dylib-definition"; name = "libc++.tbd"; path = "usr/lib/libc++.tbd"; sourceTree = SDKROOT; };
		FE918FC329F451F400484731 /* QuartzCore.framework */ = {isa = PBXFileReference; lastKnownFileType = wrapper.framework; name = QuartzCore.framework; path = System/Library/Frameworks/QuartzCore.framework; sourceTree = SDKROOT; };
		FE918FC529F451FD00484731 /* SystemConfiguration.framework */ = {isa = PBXFileReference; lastKnownFileType = wrapper.framework; name = SystemConfiguration.framework; path = System/Library/Frameworks/SystemConfiguration.framework; sourceTree = SDKROOT; };
		FE918FC729F4520400484731 /* OpenGLES.framework */ = {isa = PBXFileReference; lastKnownFileType = wrapper.framework; name = OpenGLES.framework; path = System/Library/Frameworks/OpenGLES.framework; sourceTree = SDKROOT; };
		FEB9B67B2A19B08900DCCE5A /* ClimbingLocationSearch.swift */ = {isa = PBXFileReference; lastKnownFileType = sourcecode.swift; path = ClimbingLocationSearch.swift; sourceTree = "<group>"; };
		FEBCE2A629D45E0900677FBF /* OnBoardingView.swift */ = {isa = PBXFileReference; lastKnownFileType = sourcecode.swift; name = OnBoardingView.swift; path = Ohcle_/OnBoardingView.swift; sourceTree = SOURCE_ROOT; };
		FED3211429D02C3A00115539 /* ScoreStar.swift */ = {isa = PBXFileReference; lastKnownFileType = sourcecode.swift; path = ScoreStar.swift; sourceTree = "<group>"; };
/* End PBXFileReference section */

/* Begin PBXFrameworksBuildPhase section */
		A859A62728EC3E1500F217F3 /* Frameworks */ = {
			isa = PBXFrameworksBuildPhase;
			buildActionMask = 2147483647;
			files = (
				FE918FC829F4520500484731 /* OpenGLES.framework in Frameworks */,
				FE918FC629F451FD00484731 /* SystemConfiguration.framework in Frameworks */,
				FE918FC429F451F400484731 /* QuartzCore.framework in Frameworks */,
				FE918FC229F451EB00484731 /* libc++.tbd in Frameworks */,
				FE918FC029F451E000484731 /* libxml2.tbd in Frameworks */,
				FE918FBE29F451D400484731 /* libsqlite3.tbd in Frameworks */,
				FE918FBC29F451CB00484731 /* CoreLocation.framework in Frameworks */,
				A859A64528EC3EB300F217F3 /* KakaoSDKCommon in Frameworks */,
				A859A64328EC3EB300F217F3 /* KakaoSDKAuth in Frameworks */,
				A859A64728EC3EB300F217F3 /* KakaoSDKUser in Frameworks */,
			);
			runOnlyForDeploymentPostprocessing = 0;
		};
/* End PBXFrameworksBuildPhase section */

/* Begin PBXGroup section */
		A8050EE82A222C2F000E0E10 /* Legacy */ = {
			isa = PBXGroup;
			children = (
				A8C0D69529FE475E00DEB477 /* Refactor_Networking.swift */,
				A8795FF3298DE97E00A92AA8 /* UserTokenManager.swift */,
			);
			path = Legacy;
			sourceTree = "<group>";
		};
		A80B452B28FA7CAB00343BB4 /* RecordFlow */ = {
			isa = PBXGroup;
			children = (
				A89E182129A38A1900F27045 /* Common */,
				A89E181F29A389B500F27045 /* Buttons */,
				A89E182029A389E100F27045 /* DiaryList */,
				A86A596728F2A1F100C500E1 /* Calender.swift */,
				A80B452728FA5A8D00343BB4 /* ClimbingLocationView.swift */,
				FEB9B67B2A19B08900DCCE5A /* ClimbingLocationSearch.swift */,
				A80B452928FA70A200343BB4 /* Level.swift */,
				FED3211429D02C3A00115539 /* ScoreStar.swift */,
				A817166529038013005B1268 /* ClimbingScore.swift */,
				A817166B290386AE005B1268 /* AddPhotoView.swift */,
				A8A2C2CD29AF131D005C1B13 /* ClimbingPhotoPicker.swift */,
				A88BA060290D49C5000F87A8 /* MemoView.swift */,
			);
			path = RecordFlow;
			sourceTree = "<group>";
		};
		A859A62128EC3E1500F217F3 = {
			isa = PBXGroup;
			children = (
				A859A62C28EC3E1500F217F3 /* Ohcle_ */,
				A859A62B28EC3E1500F217F3 /* Products */,
				FE918FBA29F451CB00484731 /* Frameworks */,
				A8D1BEE02A076CA900A43FF0 /* Recovered References */,
			);
			sourceTree = "<group>";
		};
		A859A62B28EC3E1500F217F3 /* Products */ = {
			isa = PBXGroup;
			children = (
				A859A62A28EC3E1500F217F3 /* Ohcle_.app */,
			);
			name = Products;
			sourceTree = "<group>";
		};
		A859A62C28EC3E1500F217F3 /* Ohcle_ */ = {
			isa = PBXGroup;
			children = (
				A8C0D69229FCFC9500DEB477 /* Ohcle--Info.plist */,
				A80B452328FA50DE00343BB4 /* ReadViewSize.swift */,
				A859A64B28EC457700F217F3 /* Ohcle_.entitlements */,
				A859A62D28EC3E1500F217F3 /* Ohcle_App.swift */,
				A859A63128EC3E1600F217F3 /* Assets.xcassets */,
				FEBCE2A629D45E0900677FBF /* OnBoardingView.swift */,
				A875B24D297E7C2200704688 /* MainView */,
				A859A64E28F27A2600F217F3 /* Login */,
				A8CBB2EB291F80360013A74F /* UserSetting */,
				A86A596628F2A1BE00C500E1 /* Diary */,
				A859A63328EC3E1600F217F3 /* Preview Content */,
				FE918F7629F4517A00484731 /* Frameworks */,
			);
			path = Ohcle_;
			sourceTree = "<group>";
		};
		A859A63328EC3E1600F217F3 /* Preview Content */ = {
			isa = PBXGroup;
			children = (
				A859A63428EC3E1600F217F3 /* Preview Assets.xcassets */,
			);
			path = "Preview Content";
			sourceTree = "<group>";
		};
		A859A64E28F27A2600F217F3 /* Login */ = {
			isa = PBXGroup;
			children = (
				A887D60029A20D9800C0A75D /* Networking.swift */,
				A859A63F28EC3E7A00F217F3 /* LoginView.swift */,
				A859A63B28EC3E4300F217F3 /* KakaoLoginView.swift */,
				A8050EE62A221CA0000E0E10 /* LoginManger.swift */,
				A8335B68292F7BFA0006899D /* AppleLoginView.swift */,
				A866B508293CC5C5001E182F /* KakaoLoginResultModel.swift */,
				A8050EE82A222C2F000E0E10 /* Legacy */,
			);
			path = Login;
			sourceTree = "<group>";
		};
		A86A596628F2A1BE00C500E1 /* Diary */ = {
			isa = PBXGroup;
			children = (
				A8A2C2CC29AEECF1005C1B13 /* DataManager */,
				A80B452B28FA7CAB00343BB4 /* RecordFlow */,
			);
			path = Diary;
			sourceTree = "<group>";
		};
		A875B24D297E7C2200704688 /* MainView */ = {
			isa = PBXGroup;
			children = (
				A859A63D28EC3E6500F217F3 /* MainView.swift */,
				A83132212A03BC160087A82C /* RefactorCalenderView.swift */,
				A83132232A070B370087A82C /* NewMemoView.swift */,
				A8050EE92A23220C000E0E10 /* EditMemoPickerView.swift */,
				A80A484229F3AEDE00F3F186 /* DateFilterView.swift */,
				A80A484429F3B8FC00F3F186 /* CircleDateView.swift */,
				A80A481A29EBC31B00F3F186 /* CalenderModel.swift */,
				A875B24B297E779700704688 /* CalenderHolderGridView.swift */,
				A8AB86BB29E2821700F5410F /* SplashView.swift */,
				A8D1BEE42A0772CE00A43FF0 /* URLs.swift */,
			);
			path = MainView;
			sourceTree = "<group>";
		};
		A89E181F29A389B500F27045 /* Buttons */ = {
			isa = PBXGroup;
			children = (
				A8CBB2F2291F973E0013A74F /* MemoButton.swift */,
				A89E181D29A389A900F27045 /* NextButton.swift */,
			);
			path = Buttons;
			sourceTree = "<group>";
		};
		A89E182029A389E100F27045 /* DiaryList */ = {
			isa = PBXGroup;
			children = (
				A8CBB2E3291F6BE40013A74F /* DiaryList.swift */,
				A8401E9B294218D700AD9DA0 /* DiaryListViewGridItem.swift */,
				A8CBB2E9291F74F40013A74F /* DiaryHeader.swift */,
				A8CBB2E7291F74700013A74F /* AddNewDiary.swift */,
			);
			path = DiaryList;
			sourceTree = "<group>";
		};
		A89E182129A38A1900F27045 /* Common */ = {
			isa = PBXGroup;
			children = (
				A875B249297E5B5A00704688 /* CurrentDate.swift */,
				A89EF9B3294A1A390018BDFD /* Debouncer.swift */,
			);
			path = Common;
			sourceTree = "<group>";
		};
		A8A2C2CC29AEECF1005C1B13 /* DataManager */ = {
			isa = PBXGroup;
			children = (
				FE8E947229FD22B3008764DC /* CalendarDataManager.swift */,
				A8A812EC29A73EE900E7C6A2 /* DataController.swift */,
			);
			path = DataManager;
			sourceTree = "<group>";
		};
		A8CBB2EB291F80360013A74F /* UserSetting */ = {
			isa = PBXGroup;
			children = (
				A8CBB2EE291F89A00013A74F /* MyPageView.swift */,
				A8CBB2F0291F96570013A74F /* MyPageUserInfoView.swift */,
				A8C0D69329FE459C00DEB477 /* ExternalLinks.swift */,
			);
			path = UserSetting;
			sourceTree = "<group>";
		};
		A8D1BEE02A076CA900A43FF0 /* Recovered References */ = {
			isa = PBXGroup;
			children = (
			);
			name = "Recovered References";
			sourceTree = "<group>";
		};
		FE918F7629F4517A00484731 /* Frameworks */ = {
			isa = PBXGroup;
			children = (
				FE918F7729F451A600484731 /* DaumMap.embeddedframework */,
			);
			path = Frameworks;
			sourceTree = "<group>";
		};
		FE918F7729F451A600484731 /* DaumMap.embeddedframework */ = {
			isa = PBXGroup;
			children = (
				FE918F7829F451A600484731 /* Resources */,
				FE918F9D29F451A600484731 /* DaumMap.framework */,
			);
			path = DaumMap.embeddedframework;
			sourceTree = "<group>";
		};
		FE918F7829F451A600484731 /* Resources */ = {
			isa = PBXGroup;
			children = (
				FE918F7929F451A600484731 /* map_pinup_custom@3x.png */,
				FE918F7A29F451A600484731 /* map_pin_custom.png */,
				FE918F7B29F451A600484731 /* shadow_balloon.png */,
				FE918F7C29F451A600484731 /* map_pinup.png */,
				FE918F7D29F451A600484731 /* detail_button.png */,
				FE918F7E29F451A600484731 /* map_pin_custom@3x.png */,
				FE918F7F29F451A600484731 /* map_pinup@3x.png */,
				FE918F8029F451A600484731 /* map_pin_shadow@3x.png */,
				FE918F8129F451A600484731 /* copyright.png */,
				FE918F8229F451A600484731 /* th_line.png */,
				FE918F8329F451A600484731 /* map_pin_red@3x.png */,
				FE918F8429F451A600484731 /* daum_copyright.png */,
				FE918F8529F451A600484731 /* map_pin@3x.png */,
				FE918F8629F451A600484731 /* map_present_tracking.png */,
				FE918F8729F451A600484731 /* map_pin_red.png */,
				FE918F8829F451A600484731 /* Headers */,
				FE918F9129F451A600484731 /* info_box.png */,
				FE918F9229F451A600484731 /* point_sprite.png */,
				FE918F9329F451A600484731 /* map_pinup_custom.png */,
				FE918F9429F451A600484731 /* info_box_tail.png */,
				FE918F9529F451A600484731 /* noimage256.png */,
				FE918F9629F451A600484731 /* map_present_direction.png */,
				FE918F9729F451A600484731 /* map_pin.png */,
				FE918F9829F451A600484731 /* map_present.png */,
				FE918F9929F451A600484731 /* noimage.png */,
				FE918F9A29F451A600484731 /* map_present_background_update.png */,
				FE918F9B29F451A600484731 /* daum_th_line.png */,
				FE918F9C29F451A600484731 /* map_pin_shadow.png */,
			);
			path = Resources;
			sourceTree = "<group>";
		};
		FE918F8829F451A600484731 /* Headers */ = {
			isa = PBXGroup;
			children = (
				FE918F8929F451A600484731 /* MTMapPOIItem.h */,
				FE918F8A29F451A600484731 /* MTMapCameraUpdate.h */,
				FE918F8B29F451A600484731 /* MTMapReverseGeoCoder.h */,
				FE918F8C29F451A600484731 /* MTMapPolyline.h */,
				FE918F8D29F451A600484731 /* MTMapLocationMarkerItem.h */,
				FE918F8E29F451A600484731 /* MTMapView.h */,
				FE918F8F29F451A600484731 /* MTMapGeometry.h */,
				FE918F9029F451A600484731 /* MTMapCircle.h */,
			);
			path = Headers;
			sourceTree = "<group>";
		};
		FE918FBA29F451CB00484731 /* Frameworks */ = {
			isa = PBXGroup;
			children = (
				FE918FC729F4520400484731 /* OpenGLES.framework */,
				FE918FC529F451FD00484731 /* SystemConfiguration.framework */,
				FE918FC329F451F400484731 /* QuartzCore.framework */,
				FE918FC129F451EB00484731 /* libc++.tbd */,
				FE918FBF29F451E000484731 /* libxml2.tbd */,
				FE918FBD29F451D400484731 /* libsqlite3.tbd */,
				FE918FBB29F451CB00484731 /* CoreLocation.framework */,
			);
			name = Frameworks;
			sourceTree = "<group>";
		};
/* End PBXGroup section */

/* Begin PBXNativeTarget section */
		A859A62928EC3E1500F217F3 /* Ohcle_ */ = {
			isa = PBXNativeTarget;
			buildConfigurationList = A859A63828EC3E1600F217F3 /* Build configuration list for PBXNativeTarget "Ohcle_" */;
			buildPhases = (
				A859A62628EC3E1500F217F3 /* Sources */,
				A859A62728EC3E1500F217F3 /* Frameworks */,
				A859A62828EC3E1500F217F3 /* Resources */,
			);
			buildRules = (
			);
			dependencies = (
			);
			name = Ohcle_;
			packageProductDependencies = (
				A859A64228EC3EB300F217F3 /* KakaoSDKAuth */,
				A859A64428EC3EB300F217F3 /* KakaoSDKCommon */,
				A859A64628EC3EB300F217F3 /* KakaoSDKUser */,
			);
			productName = Ohcle_;
			productReference = A859A62A28EC3E1500F217F3 /* Ohcle_.app */;
			productType = "com.apple.product-type.application";
		};
/* End PBXNativeTarget section */

/* Begin PBXProject section */
		A859A62228EC3E1500F217F3 /* Project object */ = {
			isa = PBXProject;
			attributes = {
				BuildIndependentTargetsInParallel = 1;
				LastSwiftUpdateCheck = 1400;
				LastUpgradeCheck = 1400;
				TargetAttributes = {
					A859A62928EC3E1500F217F3 = {
						CreatedOnToolsVersion = 14.0.1;
					};
				};
			};
			buildConfigurationList = A859A62528EC3E1500F217F3 /* Build configuration list for PBXProject "Ohcle_" */;
			compatibilityVersion = "Xcode 14.0";
			developmentRegion = en;
			hasScannedForEncodings = 0;
			knownRegions = (
				en,
				Base,
			);
			mainGroup = A859A62128EC3E1500F217F3;
			packageReferences = (
				A859A64128EC3EB300F217F3 /* XCRemoteSwiftPackageReference "kakao-ios-sdk" */,
			);
			productRefGroup = A859A62B28EC3E1500F217F3 /* Products */;
			projectDirPath = "";
			projectRoot = "";
			targets = (
				A859A62928EC3E1500F217F3 /* Ohcle_ */,
			);
		};
/* End PBXProject section */

/* Begin PBXResourcesBuildPhase section */
		A859A62828EC3E1500F217F3 /* Resources */ = {
			isa = PBXResourcesBuildPhase;
			buildActionMask = 2147483647;
			files = (
				FE918FB029F451A600484731 /* info_box_tail.png in Resources */,
				FE918FA529F451A600484731 /* map_pin_shadow@3x.png in Resources */,
				FE918FB329F451A600484731 /* map_pin.png in Resources */,
				FE918FAC29F451A600484731 /* map_pin_red.png in Resources */,
				FE918FA429F451A600484731 /* map_pinup@3x.png in Resources */,
				FE918FAE29F451A600484731 /* point_sprite.png in Resources */,
				FE918FAA29F451A600484731 /* map_pin@3x.png in Resources */,
				FE918FB129F451A600484731 /* noimage256.png in Resources */,
				FE918FB429F451A600484731 /* map_present.png in Resources */,
				FE918FA929F451A600484731 /* daum_copyright.png in Resources */,
				FE918FA629F451A600484731 /* copyright.png in Resources */,
				FE918FA029F451A600484731 /* shadow_balloon.png in Resources */,
				FE918FA329F451A600484731 /* map_pin_custom@3x.png in Resources */,
				FE918FA729F451A600484731 /* th_line.png in Resources */,
				FE918FAF29F451A600484731 /* map_pinup_custom.png in Resources */,
				A859A63528EC3E1600F217F3 /* Preview Assets.xcassets in Resources */,
				FE918FB729F451A600484731 /* daum_th_line.png in Resources */,
				FE918F9E29F451A600484731 /* map_pinup_custom@3x.png in Resources */,
				A859A63228EC3E1600F217F3 /* Assets.xcassets in Resources */,
				FE918FAB29F451A600484731 /* map_present_tracking.png in Resources */,
				FE918FB829F451A600484731 /* map_pin_shadow.png in Resources */,
				FE918FB229F451A600484731 /* map_present_direction.png in Resources */,
				FE918FB629F451A600484731 /* map_present_background_update.png in Resources */,
				FE918FA229F451A600484731 /* detail_button.png in Resources */,
				FE918FA829F451A600484731 /* map_pin_red@3x.png in Resources */,
				FE918FB529F451A600484731 /* noimage.png in Resources */,
				FE918FAD29F451A600484731 /* info_box.png in Resources */,
				FE918F9F29F451A600484731 /* map_pin_custom.png in Resources */,
				FE918FA129F451A600484731 /* map_pinup.png in Resources */,
			);
			runOnlyForDeploymentPostprocessing = 0;
		};
/* End PBXResourcesBuildPhase section */

/* Begin PBXSourcesBuildPhase section */
		A859A62628EC3E1500F217F3 /* Sources */ = {
			isa = PBXSourcesBuildPhase;
			buildActionMask = 2147483647;
			files = (
				A8401E9C294218D700AD9DA0 /* DiaryListViewGridItem.swift in Sources */,
				A8C0D69629FE475E00DEB477 /* Refactor_Networking.swift in Sources */,
				A83132242A070B370087A82C /* NewMemoView.swift in Sources */,
				A80B452428FA50DE00343BB4 /* ReadViewSize.swift in Sources */,
				FEB9423D29D5F45300AE3D1F /* OnBoardingView.swift in Sources */,
				A80A484329F3AEDE00F3F186 /* DateFilterView.swift in Sources */,
				A89EF9B4294A1A390018BDFD /* Debouncer.swift in Sources */,
				A859A62E28EC3E1500F217F3 /* Ohcle_App.swift in Sources */,
				A8A812ED29A73EE900E7C6A2 /* DataController.swift in Sources */,
				A8D1BEE52A0772CE00A43FF0 /* URLs.swift in Sources */,
				A8C0D69429FE459C00DEB477 /* ExternalLinks.swift in Sources */,
				A8A2C2CE29AF131D005C1B13 /* ClimbingPhotoPicker.swift in Sources */,
				A8795FF4298DE97E00A92AA8 /* UserTokenManager.swift in Sources */,
				FED3211529D02C3A00115539 /* ScoreStar.swift in Sources */,
				A8050EE72A221CA0000E0E10 /* LoginManger.swift in Sources */,
				A8335B69292F7BFA0006899D /* AppleLoginView.swift in Sources */,
				A866B509293CC5C5001E182F /* KakaoLoginResultModel.swift in Sources */,
				A817166629038013005B1268 /* ClimbingScore.swift in Sources */,
				A83132222A03BC160087A82C /* RefactorCalenderView.swift in Sources */,
				A875B24A297E5B5A00704688 /* CurrentDate.swift in Sources */,
				A89E181E29A389A900F27045 /* NextButton.swift in Sources */,
				A859A63E28EC3E6500F217F3 /* MainView.swift in Sources */,
				A8CBB2F1291F96570013A74F /* MyPageUserInfoView.swift in Sources */,
				A887D60129A20D9800C0A75D /* Networking.swift in Sources */,
				A88BA061290D49C5000F87A8 /* MemoView.swift in Sources */,
				A8CBB2F3291F973E0013A74F /* MemoButton.swift in Sources */,
				A8CBB2EF291F89A00013A74F /* MyPageView.swift in Sources */,
				A80B452828FA5A8D00343BB4 /* ClimbingLocationView.swift in Sources */,
				A8050EEA2A23220C000E0E10 /* EditMemoPickerView.swift in Sources */,
				A8CBB2E4291F6BE40013A74F /* DiaryList.swift in Sources */,
				A8AB86BC29E2821700F5410F /* SplashView.swift in Sources */,
				FE8E947329FD22B3008764DC /* CalendarDataManager.swift in Sources */,
				A8CBB2EA291F74F40013A74F /* DiaryHeader.swift in Sources */,
				A80B452A28FA70A200343BB4 /* Level.swift in Sources */,
				A80A484529F3B8FC00F3F186 /* CircleDateView.swift in Sources */,
				A817166C290386AE005B1268 /* AddPhotoView.swift in Sources */,
				A80A481B29EBC31B00F3F186 /* CalenderModel.swift in Sources */,
				A8CBB2E8291F74700013A74F /* AddNewDiary.swift in Sources */,
				A859A64028EC3E7A00F217F3 /* LoginView.swift in Sources */,
				A859A63C28EC3E4300F217F3 /* KakaoLoginView.swift in Sources */,
				A86A596828F2A1F100C500E1 /* Calender.swift in Sources */,
				FEB9B67C2A19B08900DCCE5A /* ClimbingLocationSearch.swift in Sources */,
				A875B24C297E779700704688 /* CalenderHolderGridView.swift in Sources */,
			);
			runOnlyForDeploymentPostprocessing = 0;
		};
/* End PBXSourcesBuildPhase section */

/* Begin XCBuildConfiguration section */
		A859A63628EC3E1600F217F3 /* Debug */ = {
			isa = XCBuildConfiguration;
			buildSettings = {
				ALWAYS_SEARCH_USER_PATHS = NO;
				CLANG_ANALYZER_NONNULL = YES;
				CLANG_ANALYZER_NUMBER_OBJECT_CONVERSION = YES_AGGRESSIVE;
				CLANG_CXX_LANGUAGE_STANDARD = "gnu++20";
				CLANG_ENABLE_MODULES = YES;
				CLANG_ENABLE_OBJC_ARC = YES;
				CLANG_ENABLE_OBJC_WEAK = YES;
				CLANG_WARN_BLOCK_CAPTURE_AUTORELEASING = YES;
				CLANG_WARN_BOOL_CONVERSION = YES;
				CLANG_WARN_COMMA = YES;
				CLANG_WARN_CONSTANT_CONVERSION = YES;
				CLANG_WARN_DEPRECATED_OBJC_IMPLEMENTATIONS = YES;
				CLANG_WARN_DIRECT_OBJC_ISA_USAGE = YES_ERROR;
				CLANG_WARN_DOCUMENTATION_COMMENTS = YES;
				CLANG_WARN_EMPTY_BODY = YES;
				CLANG_WARN_ENUM_CONVERSION = YES;
				CLANG_WARN_INFINITE_RECURSION = YES;
				CLANG_WARN_INT_CONVERSION = YES;
				CLANG_WARN_NON_LITERAL_NULL_CONVERSION = YES;
				CLANG_WARN_OBJC_IMPLICIT_RETAIN_SELF = YES;
				CLANG_WARN_OBJC_LITERAL_CONVERSION = YES;
				CLANG_WARN_OBJC_ROOT_CLASS = YES_ERROR;
				CLANG_WARN_QUOTED_INCLUDE_IN_FRAMEWORK_HEADER = YES;
				CLANG_WARN_RANGE_LOOP_ANALYSIS = YES;
				CLANG_WARN_STRICT_PROTOTYPES = YES;
				CLANG_WARN_SUSPICIOUS_MOVE = YES;
				CLANG_WARN_UNGUARDED_AVAILABILITY = YES_AGGRESSIVE;
				CLANG_WARN_UNREACHABLE_CODE = YES;
				CLANG_WARN__DUPLICATE_METHOD_MATCH = YES;
				COPY_PHASE_STRIP = NO;
				DEBUG_INFORMATION_FORMAT = dwarf;
				ENABLE_STRICT_OBJC_MSGSEND = YES;
				ENABLE_TESTABILITY = YES;
				GCC_C_LANGUAGE_STANDARD = gnu11;
				GCC_DYNAMIC_NO_PIC = NO;
				GCC_NO_COMMON_BLOCKS = YES;
				GCC_OPTIMIZATION_LEVEL = 0;
				GCC_PREPROCESSOR_DEFINITIONS = (
					"DEBUG=1",
					"$(inherited)",
				);
				GCC_WARN_64_TO_32_BIT_CONVERSION = YES;
				GCC_WARN_ABOUT_RETURN_TYPE = YES_ERROR;
				GCC_WARN_UNDECLARED_SELECTOR = YES;
				GCC_WARN_UNINITIALIZED_AUTOS = YES_AGGRESSIVE;
				GCC_WARN_UNUSED_FUNCTION = YES;
				GCC_WARN_UNUSED_VARIABLE = YES;
				IPHONEOS_DEPLOYMENT_TARGET = 16.0;
				MTL_ENABLE_DEBUG_INFO = INCLUDE_SOURCE;
				MTL_FAST_MATH = YES;
				ONLY_ACTIVE_ARCH = NO;
				SDKROOT = iphoneos;
				SWIFT_ACTIVE_COMPILATION_CONDITIONS = DEBUG;
				SWIFT_OPTIMIZATION_LEVEL = "-Onone";
			};
			name = Debug;
		};
		A859A63728EC3E1600F217F3 /* Release */ = {
			isa = XCBuildConfiguration;
			buildSettings = {
				ALWAYS_SEARCH_USER_PATHS = NO;
				CLANG_ANALYZER_NONNULL = YES;
				CLANG_ANALYZER_NUMBER_OBJECT_CONVERSION = YES_AGGRESSIVE;
				CLANG_CXX_LANGUAGE_STANDARD = "gnu++20";
				CLANG_ENABLE_MODULES = YES;
				CLANG_ENABLE_OBJC_ARC = YES;
				CLANG_ENABLE_OBJC_WEAK = YES;
				CLANG_WARN_BLOCK_CAPTURE_AUTORELEASING = YES;
				CLANG_WARN_BOOL_CONVERSION = YES;
				CLANG_WARN_COMMA = YES;
				CLANG_WARN_CONSTANT_CONVERSION = YES;
				CLANG_WARN_DEPRECATED_OBJC_IMPLEMENTATIONS = YES;
				CLANG_WARN_DIRECT_OBJC_ISA_USAGE = YES_ERROR;
				CLANG_WARN_DOCUMENTATION_COMMENTS = YES;
				CLANG_WARN_EMPTY_BODY = YES;
				CLANG_WARN_ENUM_CONVERSION = YES;
				CLANG_WARN_INFINITE_RECURSION = YES;
				CLANG_WARN_INT_CONVERSION = YES;
				CLANG_WARN_NON_LITERAL_NULL_CONVERSION = YES;
				CLANG_WARN_OBJC_IMPLICIT_RETAIN_SELF = YES;
				CLANG_WARN_OBJC_LITERAL_CONVERSION = YES;
				CLANG_WARN_OBJC_ROOT_CLASS = YES_ERROR;
				CLANG_WARN_QUOTED_INCLUDE_IN_FRAMEWORK_HEADER = YES;
				CLANG_WARN_RANGE_LOOP_ANALYSIS = YES;
				CLANG_WARN_STRICT_PROTOTYPES = YES;
				CLANG_WARN_SUSPICIOUS_MOVE = YES;
				CLANG_WARN_UNGUARDED_AVAILABILITY = YES_AGGRESSIVE;
				CLANG_WARN_UNREACHABLE_CODE = YES;
				CLANG_WARN__DUPLICATE_METHOD_MATCH = YES;
				COPY_PHASE_STRIP = NO;
				DEBUG_INFORMATION_FORMAT = "dwarf-with-dsym";
				ENABLE_NS_ASSERTIONS = NO;
				ENABLE_STRICT_OBJC_MSGSEND = YES;
				GCC_C_LANGUAGE_STANDARD = gnu11;
				GCC_NO_COMMON_BLOCKS = YES;
				GCC_OPTIMIZATION_LEVEL = 0;
				GCC_WARN_64_TO_32_BIT_CONVERSION = YES;
				GCC_WARN_ABOUT_RETURN_TYPE = YES_ERROR;
				GCC_WARN_UNDECLARED_SELECTOR = YES;
				GCC_WARN_UNINITIALIZED_AUTOS = YES_AGGRESSIVE;
				GCC_WARN_UNUSED_FUNCTION = YES;
				GCC_WARN_UNUSED_VARIABLE = YES;
				IPHONEOS_DEPLOYMENT_TARGET = 16.0;
				MTL_ENABLE_DEBUG_INFO = NO;
				MTL_FAST_MATH = YES;
				ONLY_ACTIVE_ARCH = YES;
				SDKROOT = iphoneos;
				SWIFT_COMPILATION_MODE = wholemodule;
				SWIFT_OPTIMIZATION_LEVEL = "-Onone";
				VALIDATE_PRODUCT = YES;
			};
			name = Release;
		};
		A859A63928EC3E1600F217F3 /* Debug */ = {
			isa = XCBuildConfiguration;
			buildSettings = {
				ASSETCATALOG_COMPILER_APPICON_NAME = AppIcon;
				ASSETCATALOG_COMPILER_GLOBAL_ACCENT_COLOR_NAME = AccentColor;
				ASSETCATALOG_COMPILER_INCLUDE_ALL_APPICON_ASSETS = NO;
				CLANG_ENABLE_OBJC_ARC = NO;
				CODE_SIGN_ENTITLEMENTS = Ohcle_/Ohcle_.entitlements;
				CODE_SIGN_STYLE = Automatic;
				CURRENT_PROJECT_VERSION = 1;
				DEVELOPMENT_ASSET_PATHS = "\"Ohcle_/Preview Content\"";
				DEVELOPMENT_TEAM = 7MJ69FU8BU;
				ENABLE_PREVIEWS = YES;
				FRAMEWORK_SEARCH_PATHS = (
					"$(inherited)",
					"$(PROJECT_DIR)/Ohcle_/Frameworks/DaumMap.embeddedframework",
				);
				GENERATE_INFOPLIST_FILE = YES;
				INFOPLIST_FILE = "Ohcle--Info.plist";
				INFOPLIST_KEY_NSLocationAlwaysAndWhenInUseUsageDescription = "위치사용한다";
				INFOPLIST_KEY_NSLocationWhenInUseUsageDescription = "위치사용한다";
				INFOPLIST_KEY_UIApplicationSceneManifest_Generation = YES;
				INFOPLIST_KEY_UIApplicationSupportsIndirectInputEvents = YES;
				INFOPLIST_KEY_UILaunchScreen_Generation = YES;
				INFOPLIST_KEY_UILaunchStoryboardName = SplashView;
				INFOPLIST_KEY_UISupportedInterfaceOrientations_iPad = "UIInterfaceOrientationPortrait UIInterfaceOrientationPortraitUpsideDown UIInterfaceOrientationLandscapeLeft UIInterfaceOrientationLandscapeRight";
				INFOPLIST_KEY_UISupportedInterfaceOrientations_iPhone = "UIInterfaceOrientationPortrait UIInterfaceOrientationLandscapeLeft UIInterfaceOrientationLandscapeRight";
				IPHONEOS_DEPLOYMENT_TARGET = 16.0;
				LD_RUNPATH_SEARCH_PATHS = (
					"$(inherited)",
					"@executable_path/Frameworks",
				);
				MARKETING_VERSION = 1.0;
				ONLY_ACTIVE_ARCH = YES;
				PRODUCT_BUNDLE_IDENTIFIER = "todaysClimbing.Ohcle-";
				PRODUCT_NAME = "$(TARGET_NAME)";
				SWIFT_EMIT_LOC_STRINGS = YES;
				SWIFT_OBJC_BRIDGING_HEADER = "";
				SWIFT_VERSION = 5.0;
				TARGETED_DEVICE_FAMILY = "1,2";
			};
			name = Debug;
		};
		A859A63A28EC3E1600F217F3 /* Release */ = {
			isa = XCBuildConfiguration;
			buildSettings = {
				ASSETCATALOG_COMPILER_APPICON_NAME = AppIcon;
				ASSETCATALOG_COMPILER_GLOBAL_ACCENT_COLOR_NAME = AccentColor;
				ASSETCATALOG_COMPILER_INCLUDE_ALL_APPICON_ASSETS = NO;
				CLANG_ENABLE_OBJC_ARC = NO;
				CODE_SIGN_ENTITLEMENTS = Ohcle_/Ohcle_.entitlements;
				CODE_SIGN_STYLE = Automatic;
				CURRENT_PROJECT_VERSION = 1;
				DEVELOPMENT_ASSET_PATHS = "\"Ohcle_/Preview Content\"";
				DEVELOPMENT_TEAM = 7MJ69FU8BU;
				ENABLE_PREVIEWS = YES;
				FRAMEWORK_SEARCH_PATHS = (
					"$(inherited)",
					"$(PROJECT_DIR)/Ohcle_/Frameworks/DaumMap.embeddedframework",
				);
				GENERATE_INFOPLIST_FILE = YES;
				INFOPLIST_FILE = "Ohcle--Info.plist";
				INFOPLIST_KEY_NSLocationAlwaysAndWhenInUseUsageDescription = "위치사용한다";
				INFOPLIST_KEY_NSLocationWhenInUseUsageDescription = "위치사용한다";
				INFOPLIST_KEY_UIApplicationSceneManifest_Generation = YES;
				INFOPLIST_KEY_UIApplicationSupportsIndirectInputEvents = YES;
				INFOPLIST_KEY_UILaunchScreen_Generation = YES;
				INFOPLIST_KEY_UILaunchStoryboardName = SplashView;
				INFOPLIST_KEY_UISupportedInterfaceOrientations_iPad = "UIInterfaceOrientationPortrait UIInterfaceOrientationPortraitUpsideDown UIInterfaceOrientationLandscapeLeft UIInterfaceOrientationLandscapeRight";
				INFOPLIST_KEY_UISupportedInterfaceOrientations_iPhone = "UIInterfaceOrientationPortrait UIInterfaceOrientationLandscapeLeft UIInterfaceOrientationLandscapeRight";
				IPHONEOS_DEPLOYMENT_TARGET = 16.0;
				LD_RUNPATH_SEARCH_PATHS = (
					"$(inherited)",
					"@executable_path/Frameworks",
				);
				MARKETING_VERSION = 1.0;
				ONLY_ACTIVE_ARCH = YES;
				PRODUCT_BUNDLE_IDENTIFIER = "todaysClimbing.Ohcle-";
				PRODUCT_NAME = "$(TARGET_NAME)";
				SWIFT_EMIT_LOC_STRINGS = YES;
				SWIFT_OBJC_BRIDGING_HEADER = "";
				SWIFT_VERSION = 5.0;
				TARGETED_DEVICE_FAMILY = "1,2";
			};
			name = Release;
		};
/* End XCBuildConfiguration section */

/* Begin XCConfigurationList section */
		A859A62528EC3E1500F217F3 /* Build configuration list for PBXProject "Ohcle_" */ = {
			isa = XCConfigurationList;
			buildConfigurations = (
				A859A63628EC3E1600F217F3 /* Debug */,
				A859A63728EC3E1600F217F3 /* Release */,
			);
			defaultConfigurationIsVisible = 0;
			defaultConfigurationName = Release;
		};
		A859A63828EC3E1600F217F3 /* Build configuration list for PBXNativeTarget "Ohcle_" */ = {
			isa = XCConfigurationList;
			buildConfigurations = (
				A859A63928EC3E1600F217F3 /* Debug */,
				A859A63A28EC3E1600F217F3 /* Release */,
			);
			defaultConfigurationIsVisible = 0;
			defaultConfigurationName = Release;
		};
/* End XCConfigurationList section */

/* Begin XCRemoteSwiftPackageReference section */
		A859A64128EC3EB300F217F3 /* XCRemoteSwiftPackageReference "kakao-ios-sdk" */ = {
			isa = XCRemoteSwiftPackageReference;
			repositoryURL = "https://github.com/kakao/kakao-ios-sdk";
			requirement = {
				branch = master;
				kind = branch;
			};
		};
/* End XCRemoteSwiftPackageReference section */

/* Begin XCSwiftPackageProductDependency section */
		A859A64228EC3EB300F217F3 /* KakaoSDKAuth */ = {
			isa = XCSwiftPackageProductDependency;
			package = A859A64128EC3EB300F217F3 /* XCRemoteSwiftPackageReference "kakao-ios-sdk" */;
			productName = KakaoSDKAuth;
		};
		A859A64428EC3EB300F217F3 /* KakaoSDKCommon */ = {
			isa = XCSwiftPackageProductDependency;
			package = A859A64128EC3EB300F217F3 /* XCRemoteSwiftPackageReference "kakao-ios-sdk" */;
			productName = KakaoSDKCommon;
		};
		A859A64628EC3EB300F217F3 /* KakaoSDKUser */ = {
			isa = XCSwiftPackageProductDependency;
			package = A859A64128EC3EB300F217F3 /* XCRemoteSwiftPackageReference "kakao-ios-sdk" */;
			productName = KakaoSDKUser;
		};
/* End XCSwiftPackageProductDependency section */
	};
	rootObject = A859A62228EC3E1500F217F3 /* Project object */;
}
