// !$*UTF8*$!
{
	archiveVersion = 1;
	classes = {
	};
	objectVersion = 56;
	objects = {

/* Begin PBXBuildFile section */
		A80B452228FA4D3B00343BB4 /* DiaryTabBar.swift in Sources */ = {isa = PBXBuildFile; fileRef = A80B452128FA4D3B00343BB4 /* DiaryTabBar.swift */; };
		A80B452428FA50DE00343BB4 /* ReadViewSize.swift in Sources */ = {isa = PBXBuildFile; fileRef = A80B452328FA50DE00343BB4 /* ReadViewSize.swift */; };
		A80B452628FA555200343BB4 /* OchleColor.swift in Sources */ = {isa = PBXBuildFile; fileRef = A80B452528FA555200343BB4 /* OchleColor.swift */; };
		A80B452828FA5A8D00343BB4 /* ClimbingLocation.swift in Sources */ = {isa = PBXBuildFile; fileRef = A80B452728FA5A8D00343BB4 /* ClimbingLocation.swift */; };
		A80B452A28FA70A200343BB4 /* Level.swift in Sources */ = {isa = PBXBuildFile; fileRef = A80B452928FA70A200343BB4 /* Level.swift */; };
		A80B452D28FA7CDD00343BB4 /* RecordNavigationView.swift in Sources */ = {isa = PBXBuildFile; fileRef = A80B452C28FA7CDD00343BB4 /* RecordNavigationView.swift */; };
		A817166629038013005B1268 /* ClimbingScore.swift in Sources */ = {isa = PBXBuildFile; fileRef = A817166529038013005B1268 /* ClimbingScore.swift */; };
		A817166829038134005B1268 /* ScoreStar.swift in Sources */ = {isa = PBXBuildFile; fileRef = A817166729038134005B1268 /* ScoreStar.swift */; };
		A817166C290386AE005B1268 /* AddPhotoView.swift in Sources */ = {isa = PBXBuildFile; fileRef = A817166B290386AE005B1268 /* AddPhotoView.swift */; };
		A817166E29038ACB005B1268 /* AddPhotoButton.swift in Sources */ = {isa = PBXBuildFile; fileRef = A817166D29038ACB005B1268 /* AddPhotoButton.swift */; };
		A859A62E28EC3E1500F217F3 /* Ohcle_App.swift in Sources */ = {isa = PBXBuildFile; fileRef = A859A62D28EC3E1500F217F3 /* Ohcle_App.swift */; };
		A859A63228EC3E1600F217F3 /* Assets.xcassets in Resources */ = {isa = PBXBuildFile; fileRef = A859A63128EC3E1600F217F3 /* Assets.xcassets */; };
		A859A63528EC3E1600F217F3 /* Preview Assets.xcassets in Resources */ = {isa = PBXBuildFile; fileRef = A859A63428EC3E1600F217F3 /* Preview Assets.xcassets */; };
		A859A63C28EC3E4300F217F3 /* KakaoLoginView.swift in Sources */ = {isa = PBXBuildFile; fileRef = A859A63B28EC3E4300F217F3 /* KakaoLoginView.swift */; };
		A859A63E28EC3E6500F217F3 /* LoginSuccessView.swift in Sources */ = {isa = PBXBuildFile; fileRef = A859A63D28EC3E6500F217F3 /* LoginSuccessView.swift */; };
		A859A64028EC3E7A00F217F3 /* LoginView.swift in Sources */ = {isa = PBXBuildFile; fileRef = A859A63F28EC3E7A00F217F3 /* LoginView.swift */; };
		A859A64328EC3EB300F217F3 /* KakaoSDKAuth in Frameworks */ = {isa = PBXBuildFile; productRef = A859A64228EC3EB300F217F3 /* KakaoSDKAuth */; };
		A859A64528EC3EB300F217F3 /* KakaoSDKCommon in Frameworks */ = {isa = PBXBuildFile; productRef = A859A64428EC3EB300F217F3 /* KakaoSDKCommon */; };
		A859A64728EC3EB300F217F3 /* KakaoSDKUser in Frameworks */ = {isa = PBXBuildFile; productRef = A859A64628EC3EB300F217F3 /* KakaoSDKUser */; };
		A859A64D28EC5D5F00F217F3 /* LoginSetting.swift in Sources */ = {isa = PBXBuildFile; fileRef = A859A64C28EC5D5F00F217F3 /* LoginSetting.swift */; };
		A86A596828F2A1F100C500E1 /* Calender.swift in Sources */ = {isa = PBXBuildFile; fileRef = A86A596728F2A1F100C500E1 /* Calender.swift */; };
		A88BA061290D49C5000F87A8 /* MemoView.swift in Sources */ = {isa = PBXBuildFile; fileRef = A88BA060290D49C5000F87A8 /* MemoView.swift */; };
		A88BA063290D5AF2000F87A8 /* DiaryListView.swift in Sources */ = {isa = PBXBuildFile; fileRef = A88BA062290D5AF2000F87A8 /* DiaryListView.swift */; };
/* End PBXBuildFile section */

/* Begin PBXFileReference section */
		A80B452128FA4D3B00343BB4 /* DiaryTabBar.swift */ = {isa = PBXFileReference; lastKnownFileType = sourcecode.swift; path = DiaryTabBar.swift; sourceTree = "<group>"; };
		A80B452328FA50DE00343BB4 /* ReadViewSize.swift */ = {isa = PBXFileReference; lastKnownFileType = sourcecode.swift; path = ReadViewSize.swift; sourceTree = "<group>"; };
		A80B452528FA555200343BB4 /* OchleColor.swift */ = {isa = PBXFileReference; lastKnownFileType = sourcecode.swift; path = OchleColor.swift; sourceTree = "<group>"; };
		A80B452728FA5A8D00343BB4 /* ClimbingLocation.swift */ = {isa = PBXFileReference; lastKnownFileType = sourcecode.swift; path = ClimbingLocation.swift; sourceTree = "<group>"; };
		A80B452928FA70A200343BB4 /* Level.swift */ = {isa = PBXFileReference; lastKnownFileType = sourcecode.swift; path = Level.swift; sourceTree = "<group>"; };
		A80B452C28FA7CDD00343BB4 /* RecordNavigationView.swift */ = {isa = PBXFileReference; lastKnownFileType = sourcecode.swift; path = RecordNavigationView.swift; sourceTree = "<group>"; };
		A817166529038013005B1268 /* ClimbingScore.swift */ = {isa = PBXFileReference; lastKnownFileType = sourcecode.swift; path = ClimbingScore.swift; sourceTree = "<group>"; };
		A817166729038134005B1268 /* ScoreStar.swift */ = {isa = PBXFileReference; lastKnownFileType = sourcecode.swift; path = ScoreStar.swift; sourceTree = "<group>"; };
		A817166B290386AE005B1268 /* AddPhotoView.swift */ = {isa = PBXFileReference; lastKnownFileType = sourcecode.swift; path = AddPhotoView.swift; sourceTree = "<group>"; };
		A817166D29038ACB005B1268 /* AddPhotoButton.swift */ = {isa = PBXFileReference; lastKnownFileType = sourcecode.swift; path = AddPhotoButton.swift; sourceTree = "<group>"; };
		A859A62A28EC3E1500F217F3 /* Ohcle_.app */ = {isa = PBXFileReference; explicitFileType = wrapper.application; includeInIndex = 0; path = Ohcle_.app; sourceTree = BUILT_PRODUCTS_DIR; };
		A859A62D28EC3E1500F217F3 /* Ohcle_App.swift */ = {isa = PBXFileReference; lastKnownFileType = sourcecode.swift; path = Ohcle_App.swift; sourceTree = "<group>"; };
		A859A63128EC3E1600F217F3 /* Assets.xcassets */ = {isa = PBXFileReference; lastKnownFileType = folder.assetcatalog; path = Assets.xcassets; sourceTree = "<group>"; };
		A859A63428EC3E1600F217F3 /* Preview Assets.xcassets */ = {isa = PBXFileReference; lastKnownFileType = folder.assetcatalog; path = "Preview Assets.xcassets"; sourceTree = "<group>"; };
		A859A63B28EC3E4300F217F3 /* KakaoLoginView.swift */ = {isa = PBXFileReference; lastKnownFileType = sourcecode.swift; path = KakaoLoginView.swift; sourceTree = "<group>"; };
		A859A63D28EC3E6500F217F3 /* LoginSuccessView.swift */ = {isa = PBXFileReference; lastKnownFileType = sourcecode.swift; path = LoginSuccessView.swift; sourceTree = "<group>"; };
		A859A63F28EC3E7A00F217F3 /* LoginView.swift */ = {isa = PBXFileReference; lastKnownFileType = sourcecode.swift; path = LoginView.swift; sourceTree = "<group>"; };
		A859A64B28EC457700F217F3 /* Ohcle_.entitlements */ = {isa = PBXFileReference; lastKnownFileType = text.plist.entitlements; path = Ohcle_.entitlements; sourceTree = "<group>"; };
		A859A64C28EC5D5F00F217F3 /* LoginSetting.swift */ = {isa = PBXFileReference; lastKnownFileType = sourcecode.swift; path = LoginSetting.swift; sourceTree = "<group>"; };
		A86A596728F2A1F100C500E1 /* Calender.swift */ = {isa = PBXFileReference; lastKnownFileType = sourcecode.swift; path = Calender.swift; sourceTree = "<group>"; };
		A88BA060290D49C5000F87A8 /* MemoView.swift */ = {isa = PBXFileReference; lastKnownFileType = sourcecode.swift; path = MemoView.swift; sourceTree = "<group>"; };
		A88BA062290D5AF2000F87A8 /* DiaryListView.swift */ = {isa = PBXFileReference; lastKnownFileType = sourcecode.swift; path = DiaryListView.swift; sourceTree = "<group>"; };
/* End PBXFileReference section */

/* Begin PBXFrameworksBuildPhase section */
		A859A62728EC3E1500F217F3 /* Frameworks */ = {
			isa = PBXFrameworksBuildPhase;
			buildActionMask = 2147483647;
			files = (
				A859A64528EC3EB300F217F3 /* KakaoSDKCommon in Frameworks */,
				A859A64328EC3EB300F217F3 /* KakaoSDKAuth in Frameworks */,
				A859A64728EC3EB300F217F3 /* KakaoSDKUser in Frameworks */,
			);
			runOnlyForDeploymentPostprocessing = 0;
		};
/* End PBXFrameworksBuildPhase section */

/* Begin PBXGroup section */
		A80B452B28FA7CAB00343BB4 /* RecordFlow */ = {
			isa = PBXGroup;
			children = (
				A80B452C28FA7CDD00343BB4 /* RecordNavigationView.swift */,
				A86A596728F2A1F100C500E1 /* Calender.swift */,
				A80B452728FA5A8D00343BB4 /* ClimbingLocation.swift */,
				A80B452928FA70A200343BB4 /* Level.swift */,
				A817166529038013005B1268 /* ClimbingScore.swift */,
				A817166B290386AE005B1268 /* AddPhotoView.swift */,
				A817166D29038ACB005B1268 /* AddPhotoButton.swift */,
				A817166729038134005B1268 /* ScoreStar.swift */,
				A88BA060290D49C5000F87A8 /* MemoView.swift */,
				A88BA062290D5AF2000F87A8 /* DiaryListView.swift */,
			);
			path = RecordFlow;
			sourceTree = "<group>";
		};
		A859A62128EC3E1500F217F3 = {
			isa = PBXGroup;
			children = (
				A859A62C28EC3E1500F217F3 /* Ohcle_ */,
				A859A62B28EC3E1500F217F3 /* Products */,
			);
			sourceTree = "<group>";
		};
		A859A62B28EC3E1500F217F3 /* Products */ = {
			isa = PBXGroup;
			children = (
				A859A62A28EC3E1500F217F3 /* Ohcle_.app */,
			);
			name = Products;
			sourceTree = "<group>";
		};
		A859A62C28EC3E1500F217F3 /* Ohcle_ */ = {
			isa = PBXGroup;
			children = (
				A80B452328FA50DE00343BB4 /* ReadViewSize.swift */,
				A859A64B28EC457700F217F3 /* Ohcle_.entitlements */,
				A859A62D28EC3E1500F217F3 /* Ohcle_App.swift */,
				A859A63128EC3E1600F217F3 /* Assets.xcassets */,
				A86A596628F2A1BE00C500E1 /* Diary */,
				A859A64E28F27A2600F217F3 /* Login */,
				A859A63328EC3E1600F217F3 /* Preview Content */,
				A80B452528FA555200343BB4 /* OchleColor.swift */,
			);
			path = Ohcle_;
			sourceTree = "<group>";
		};
		A859A63328EC3E1600F217F3 /* Preview Content */ = {
			isa = PBXGroup;
			children = (
				A859A63428EC3E1600F217F3 /* Preview Assets.xcassets */,
			);
			path = "Preview Content";
			sourceTree = "<group>";
		};
		A859A64E28F27A2600F217F3 /* Login */ = {
			isa = PBXGroup;
			children = (
				A859A63F28EC3E7A00F217F3 /* LoginView.swift */,
				A859A63B28EC3E4300F217F3 /* KakaoLoginView.swift */,
				A859A63D28EC3E6500F217F3 /* LoginSuccessView.swift */,
				A859A64C28EC5D5F00F217F3 /* LoginSetting.swift */,
			);
			path = Login;
			sourceTree = "<group>";
		};
		A86A596628F2A1BE00C500E1 /* Diary */ = {
			isa = PBXGroup;
			children = (
				A80B452128FA4D3B00343BB4 /* DiaryTabBar.swift */,
				A80B452B28FA7CAB00343BB4 /* RecordFlow */,
			);
			path = Diary;
			sourceTree = "<group>";
		};
/* End PBXGroup section */

/* Begin PBXNativeTarget section */
		A859A62928EC3E1500F217F3 /* Ohcle_ */ = {
			isa = PBXNativeTarget;
			buildConfigurationList = A859A63828EC3E1600F217F3 /* Build configuration list for PBXNativeTarget "Ohcle_" */;
			buildPhases = (
				A859A62628EC3E1500F217F3 /* Sources */,
				A859A62728EC3E1500F217F3 /* Frameworks */,
				A859A62828EC3E1500F217F3 /* Resources */,
			);
			buildRules = (
			);
			dependencies = (
			);
			name = Ohcle_;
			packageProductDependencies = (
				A859A64228EC3EB300F217F3 /* KakaoSDKAuth */,
				A859A64428EC3EB300F217F3 /* KakaoSDKCommon */,
				A859A64628EC3EB300F217F3 /* KakaoSDKUser */,
			);
			productName = Ohcle_;
			productReference = A859A62A28EC3E1500F217F3 /* Ohcle_.app */;
			productType = "com.apple.product-type.application";
		};
/* End PBXNativeTarget section */

/* Begin PBXProject section */
		A859A62228EC3E1500F217F3 /* Project object */ = {
			isa = PBXProject;
			attributes = {
				BuildIndependentTargetsInParallel = 1;
				LastSwiftUpdateCheck = 1400;
				LastUpgradeCheck = 1400;
				TargetAttributes = {
					A859A62928EC3E1500F217F3 = {
						CreatedOnToolsVersion = 14.0.1;
					};
				};
			};
			buildConfigurationList = A859A62528EC3E1500F217F3 /* Build configuration list for PBXProject "Ohcle_" */;
			compatibilityVersion = "Xcode 14.0";
			developmentRegion = en;
			hasScannedForEncodings = 0;
			knownRegions = (
				en,
				Base,
			);
			mainGroup = A859A62128EC3E1500F217F3;
			packageReferences = (
				A859A64128EC3EB300F217F3 /* XCRemoteSwiftPackageReference "kakao-ios-sdk" */,
			);
			productRefGroup = A859A62B28EC3E1500F217F3 /* Products */;
			projectDirPath = "";
			projectRoot = "";
			targets = (
				A859A62928EC3E1500F217F3 /* Ohcle_ */,
			);
		};
/* End PBXProject section */

/* Begin PBXResourcesBuildPhase section */
		A859A62828EC3E1500F217F3 /* Resources */ = {
			isa = PBXResourcesBuildPhase;
			buildActionMask = 2147483647;
			files = (
				A859A63528EC3E1600F217F3 /* Preview Assets.xcassets in Resources */,
				A859A63228EC3E1600F217F3 /* Assets.xcassets in Resources */,
			);
			runOnlyForDeploymentPostprocessing = 0;
		};
/* End PBXResourcesBuildPhase section */

/* Begin PBXSourcesBuildPhase section */
		A859A62628EC3E1500F217F3 /* Sources */ = {
			isa = PBXSourcesBuildPhase;
			buildActionMask = 2147483647;
			files = (
				A80B452428FA50DE00343BB4 /* ReadViewSize.swift in Sources */,
				A859A62E28EC3E1500F217F3 /* Ohcle_App.swift in Sources */,
				A817166E29038ACB005B1268 /* AddPhotoButton.swift in Sources */,
				A80B452228FA4D3B00343BB4 /* DiaryTabBar.swift in Sources */,
				A80B452D28FA7CDD00343BB4 /* RecordNavigationView.swift in Sources */,
				A859A64D28EC5D5F00F217F3 /* LoginSetting.swift in Sources */,
				A817166829038134005B1268 /* ScoreStar.swift in Sources */,
				A817166629038013005B1268 /* ClimbingScore.swift in Sources */,
				A859A63E28EC3E6500F217F3 /* LoginSuccessView.swift in Sources */,
				A88BA061290D49C5000F87A8 /* MemoView.swift in Sources */,
				A88BA063290D5AF2000F87A8 /* DiaryListView.swift in Sources */,
				A80B452828FA5A8D00343BB4 /* ClimbingLocation.swift in Sources */,
				A80B452A28FA70A200343BB4 /* Level.swift in Sources */,
				A80B452628FA555200343BB4 /* OchleColor.swift in Sources */,
				A817166C290386AE005B1268 /* AddPhotoView.swift in Sources */,
				A859A64028EC3E7A00F217F3 /* LoginView.swift in Sources */,
				A859A63C28EC3E4300F217F3 /* KakaoLoginView.swift in Sources */,
				A86A596828F2A1F100C500E1 /* Calender.swift in Sources */,
			);
			runOnlyForDeploymentPostprocessing = 0;
		};
/* End PBXSourcesBuildPhase section */

/* Begin XCBuildConfiguration section */
		A859A63628EC3E1600F217F3 /* Debug */ = {
			isa = XCBuildConfiguration;
			buildSettings = {
				ALWAYS_SEARCH_USER_PATHS = NO;
				CLANG_ANALYZER_NONNULL = YES;
				CLANG_ANALYZER_NUMBER_OBJECT_CONVERSION = YES_AGGRESSIVE;
				CLANG_CXX_LANGUAGE_STANDARD = "gnu++20";
				CLANG_ENABLE_MODULES = YES;
				CLANG_ENABLE_OBJC_ARC = YES;
				CLANG_ENABLE_OBJC_WEAK = YES;
				CLANG_WARN_BLOCK_CAPTURE_AUTORELEASING = YES;
				CLANG_WARN_BOOL_CONVERSION = YES;
				CLANG_WARN_COMMA = YES;
				CLANG_WARN_CONSTANT_CONVERSION = YES;
				CLANG_WARN_DEPRECATED_OBJC_IMPLEMENTATIONS = YES;
				CLANG_WARN_DIRECT_OBJC_ISA_USAGE = YES_ERROR;
				CLANG_WARN_DOCUMENTATION_COMMENTS = YES;
				CLANG_WARN_EMPTY_BODY = YES;
				CLANG_WARN_ENUM_CONVERSION = YES;
				CLANG_WARN_INFINITE_RECURSION = YES;
				CLANG_WARN_INT_CONVERSION = YES;
				CLANG_WARN_NON_LITERAL_NULL_CONVERSION = YES;
				CLANG_WARN_OBJC_IMPLICIT_RETAIN_SELF = YES;
				CLANG_WARN_OBJC_LITERAL_CONVERSION = YES;
				CLANG_WARN_OBJC_ROOT_CLASS = YES_ERROR;
				CLANG_WARN_QUOTED_INCLUDE_IN_FRAMEWORK_HEADER = YES;
				CLANG_WARN_RANGE_LOOP_ANALYSIS = YES;
				CLANG_WARN_STRICT_PROTOTYPES = YES;
				CLANG_WARN_SUSPICIOUS_MOVE = YES;
				CLANG_WARN_UNGUARDED_AVAILABILITY = YES_AGGRESSIVE;
				CLANG_WARN_UNREACHABLE_CODE = YES;
				CLANG_WARN__DUPLICATE_METHOD_MATCH = YES;
				COPY_PHASE_STRIP = NO;
				DEBUG_INFORMATION_FORMAT = dwarf;
				ENABLE_STRICT_OBJC_MSGSEND = YES;
				ENABLE_TESTABILITY = YES;
				GCC_C_LANGUAGE_STANDARD = gnu11;
				GCC_DYNAMIC_NO_PIC = NO;
				GCC_NO_COMMON_BLOCKS = YES;
				GCC_OPTIMIZATION_LEVEL = 0;
				GCC_PREPROCESSOR_DEFINITIONS = (
					"DEBUG=1",
					"$(inherited)",
				);
				GCC_WARN_64_TO_32_BIT_CONVERSION = YES;
				GCC_WARN_ABOUT_RETURN_TYPE = YES_ERROR;
				GCC_WARN_UNDECLARED_SELECTOR = YES;
				GCC_WARN_UNINITIALIZED_AUTOS = YES_AGGRESSIVE;
				GCC_WARN_UNUSED_FUNCTION = YES;
				GCC_WARN_UNUSED_VARIABLE = YES;
				IPHONEOS_DEPLOYMENT_TARGET = 16.0;
				MTL_ENABLE_DEBUG_INFO = INCLUDE_SOURCE;
				MTL_FAST_MATH = YES;
				ONLY_ACTIVE_ARCH = YES;
				SDKROOT = iphoneos;
				SWIFT_ACTIVE_COMPILATION_CONDITIONS = DEBUG;
				SWIFT_OPTIMIZATION_LEVEL = "-Onone";
			};
			name = Debug;
		};
		A859A63728EC3E1600F217F3 /* Release */ = {
			isa = XCBuildConfiguration;
			buildSettings = {
				ALWAYS_SEARCH_USER_PATHS = NO;
				CLANG_ANALYZER_NONNULL = YES;
				CLANG_ANALYZER_NUMBER_OBJECT_CONVERSION = YES_AGGRESSIVE;
				CLANG_CXX_LANGUAGE_STANDARD = "gnu++20";
				CLANG_ENABLE_MODULES = YES;
				CLANG_ENABLE_OBJC_ARC = YES;
				CLANG_ENABLE_OBJC_WEAK = YES;
				CLANG_WARN_BLOCK_CAPTURE_AUTORELEASING = YES;
				CLANG_WARN_BOOL_CONVERSION = YES;
				CLANG_WARN_COMMA = YES;
				CLANG_WARN_CONSTANT_CONVERSION = YES;
				CLANG_WARN_DEPRECATED_OBJC_IMPLEMENTATIONS = YES;
				CLANG_WARN_DIRECT_OBJC_ISA_USAGE = YES_ERROR;
				CLANG_WARN_DOCUMENTATION_COMMENTS = YES;
				CLANG_WARN_EMPTY_BODY = YES;
				CLANG_WARN_ENUM_CONVERSION = YES;
				CLANG_WARN_INFINITE_RECURSION = YES;
				CLANG_WARN_INT_CONVERSION = YES;
				CLANG_WARN_NON_LITERAL_NULL_CONVERSION = YES;
				CLANG_WARN_OBJC_IMPLICIT_RETAIN_SELF = YES;
				CLANG_WARN_OBJC_LITERAL_CONVERSION = YES;
				CLANG_WARN_OBJC_ROOT_CLASS = YES_ERROR;
				CLANG_WARN_QUOTED_INCLUDE_IN_FRAMEWORK_HEADER = YES;
				CLANG_WARN_RANGE_LOOP_ANALYSIS = YES;
				CLANG_WARN_STRICT_PROTOTYPES = YES;
				CLANG_WARN_SUSPICIOUS_MOVE = YES;
				CLANG_WARN_UNGUARDED_AVAILABILITY = YES_AGGRESSIVE;
				CLANG_WARN_UNREACHABLE_CODE = YES;
				CLANG_WARN__DUPLICATE_METHOD_MATCH = YES;
				COPY_PHASE_STRIP = NO;
				DEBUG_INFORMATION_FORMAT = "dwarf-with-dsym";
				ENABLE_NS_ASSERTIONS = NO;
				ENABLE_STRICT_OBJC_MSGSEND = YES;
				GCC_C_LANGUAGE_STANDARD = gnu11;
				GCC_NO_COMMON_BLOCKS = YES;
				GCC_WARN_64_TO_32_BIT_CONVERSION = YES;
				GCC_WARN_ABOUT_RETURN_TYPE = YES_ERROR;
				GCC_WARN_UNDECLARED_SELECTOR = YES;
				GCC_WARN_UNINITIALIZED_AUTOS = YES_AGGRESSIVE;
				GCC_WARN_UNUSED_FUNCTION = YES;
				GCC_WARN_UNUSED_VARIABLE = YES;
				IPHONEOS_DEPLOYMENT_TARGET = 16.0;
				MTL_ENABLE_DEBUG_INFO = NO;
				MTL_FAST_MATH = YES;
				SDKROOT = iphoneos;
				SWIFT_COMPILATION_MODE = wholemodule;
				SWIFT_OPTIMIZATION_LEVEL = "-O";
				VALIDATE_PRODUCT = YES;
			};
			name = Release;
		};
		A859A63928EC3E1600F217F3 /* Debug */ = {
			isa = XCBuildConfiguration;
			buildSettings = {
				ASSETCATALOG_COMPILER_APPICON_NAME = AppIcon;
				ASSETCATALOG_COMPILER_GLOBAL_ACCENT_COLOR_NAME = AccentColor;
				CODE_SIGN_ENTITLEMENTS = Ohcle_/Ohcle_.entitlements;
				CODE_SIGN_STYLE = Automatic;
				CURRENT_PROJECT_VERSION = 1;
				DEVELOPMENT_ASSET_PATHS = "\"Ohcle_/Preview Content\"";
				DEVELOPMENT_TEAM = 7MJ69FU8BU;
				ENABLE_PREVIEWS = YES;
				GENERATE_INFOPLIST_FILE = YES;
				INFOPLIST_KEY_UIApplicationSceneManifest_Generation = YES;
				INFOPLIST_KEY_UIApplicationSupportsIndirectInputEvents = YES;
				INFOPLIST_KEY_UILaunchScreen_Generation = YES;
				INFOPLIST_KEY_UISupportedInterfaceOrientations_iPad = "UIInterfaceOrientationPortrait UIInterfaceOrientationPortraitUpsideDown UIInterfaceOrientationLandscapeLeft UIInterfaceOrientationLandscapeRight";
				INFOPLIST_KEY_UISupportedInterfaceOrientations_iPhone = "UIInterfaceOrientationPortrait UIInterfaceOrientationLandscapeLeft UIInterfaceOrientationLandscapeRight";
				LD_RUNPATH_SEARCH_PATHS = (
					"$(inherited)",
					"@executable_path/Frameworks",
				);
				MARKETING_VERSION = 1.0;
				PRODUCT_BUNDLE_IDENTIFIER = "todaysClimbing.Ohcle-";
				PRODUCT_NAME = "$(TARGET_NAME)";
				SWIFT_EMIT_LOC_STRINGS = YES;
				SWIFT_VERSION = 5.0;
				TARGETED_DEVICE_FAMILY = "1,2";
			};
			name = Debug;
		};
		A859A63A28EC3E1600F217F3 /* Release */ = {
			isa = XCBuildConfiguration;
			buildSettings = {
				ASSETCATALOG_COMPILER_APPICON_NAME = AppIcon;
				ASSETCATALOG_COMPILER_GLOBAL_ACCENT_COLOR_NAME = AccentColor;
				CODE_SIGN_ENTITLEMENTS = Ohcle_/Ohcle_.entitlements;
				CODE_SIGN_STYLE = Automatic;
				CURRENT_PROJECT_VERSION = 1;
				DEVELOPMENT_ASSET_PATHS = "\"Ohcle_/Preview Content\"";
				DEVELOPMENT_TEAM = 7MJ69FU8BU;
				ENABLE_PREVIEWS = YES;
				GENERATE_INFOPLIST_FILE = YES;
				INFOPLIST_KEY_UIApplicationSceneManifest_Generation = YES;
				INFOPLIST_KEY_UIApplicationSupportsIndirectInputEvents = YES;
				INFOPLIST_KEY_UILaunchScreen_Generation = YES;
				INFOPLIST_KEY_UISupportedInterfaceOrientations_iPad = "UIInterfaceOrientationPortrait UIInterfaceOrientationPortraitUpsideDown UIInterfaceOrientationLandscapeLeft UIInterfaceOrientationLandscapeRight";
				INFOPLIST_KEY_UISupportedInterfaceOrientations_iPhone = "UIInterfaceOrientationPortrait UIInterfaceOrientationLandscapeLeft UIInterfaceOrientationLandscapeRight";
				LD_RUNPATH_SEARCH_PATHS = (
					"$(inherited)",
					"@executable_path/Frameworks",
				);
				MARKETING_VERSION = 1.0;
				PRODUCT_BUNDLE_IDENTIFIER = "todaysClimbing.Ohcle-";
				PRODUCT_NAME = "$(TARGET_NAME)";
				SWIFT_EMIT_LOC_STRINGS = YES;
				SWIFT_VERSION = 5.0;
				TARGETED_DEVICE_FAMILY = "1,2";
			};
			name = Release;
		};
/* End XCBuildConfiguration section */

/* Begin XCConfigurationList section */
		A859A62528EC3E1500F217F3 /* Build configuration list for PBXProject "Ohcle_" */ = {
			isa = XCConfigurationList;
			buildConfigurations = (
				A859A63628EC3E1600F217F3 /* Debug */,
				A859A63728EC3E1600F217F3 /* Release */,
			);
			defaultConfigurationIsVisible = 0;
			defaultConfigurationName = Release;
		};
		A859A63828EC3E1600F217F3 /* Build configuration list for PBXNativeTarget "Ohcle_" */ = {
			isa = XCConfigurationList;
			buildConfigurations = (
				A859A63928EC3E1600F217F3 /* Debug */,
				A859A63A28EC3E1600F217F3 /* Release */,
			);
			defaultConfigurationIsVisible = 0;
			defaultConfigurationName = Release;
		};
/* End XCConfigurationList section */

/* Begin XCRemoteSwiftPackageReference section */
		A859A64128EC3EB300F217F3 /* XCRemoteSwiftPackageReference "kakao-ios-sdk" */ = {
			isa = XCRemoteSwiftPackageReference;
			repositoryURL = "https://github.com/kakao/kakao-ios-sdk";
			requirement = {
				branch = master;
				kind = branch;
			};
		};
/* End XCRemoteSwiftPackageReference section */

/* Begin XCSwiftPackageProductDependency section */
		A859A64228EC3EB300F217F3 /* KakaoSDKAuth */ = {
			isa = XCSwiftPackageProductDependency;
			package = A859A64128EC3EB300F217F3 /* XCRemoteSwiftPackageReference "kakao-ios-sdk" */;
			productName = KakaoSDKAuth;
		};
		A859A64428EC3EB300F217F3 /* KakaoSDKCommon */ = {
			isa = XCSwiftPackageProductDependency;
			package = A859A64128EC3EB300F217F3 /* XCRemoteSwiftPackageReference "kakao-ios-sdk" */;
			productName = KakaoSDKCommon;
		};
		A859A64628EC3EB300F217F3 /* KakaoSDKUser */ = {
			isa = XCSwiftPackageProductDependency;
			package = A859A64128EC3EB300F217F3 /* XCRemoteSwiftPackageReference "kakao-ios-sdk" */;
			productName = KakaoSDKUser;
		};
/* End XCSwiftPackageProductDependency section */
	};
	rootObject = A859A62228EC3E1500F217F3 /* Project object */;
}
